
Microsoft Visual Studio Solution File, Format Version 12.00
# Visual Studio Version 17
VisualStudioVersion = 17.9.34723.18
MinimumVisualStudioVersion = 10.0.40219.1
Project("{9A19103F-16F7-4668-BE54-9A1E7A4F7556}") = "Majorsilence.Reporting.RdlGtk3", "RdlGtk3\Majorsilence.Reporting.RdlGtk3.csproj", "{921488F1-F4FC-4438-920E-86E57442B253}"
EndProject
Project("{9A19103F-16F7-4668-BE54-9A1E7A4F7556}") = "Majorsilence.Reporting.DataProviders", "DataProviders\Majorsilence.Reporting.DataProviders.csproj", "{D9F4197F-52D2-49F0-8DAF-E2884733CF2D}"
EndProject
Project("{9A19103F-16F7-4668-BE54-9A1E7A4F7556}") = "Majorsilence.Reporting.RdlEngine", "RdlEngine\Majorsilence.Reporting.RdlEngine.csproj", "{C97E91F4-B310-44E2-9B6C-96775395722D}"
EndProject
Project("{9A19103F-16F7-4668-BE54-9A1E7A4F7556}") = "Majorsilence.Reporting.RdlCri", "RdlCri\Majorsilence.Reporting.RdlCri.csproj", "{9C9ECACA-0DEB-4517-8CF1-02C3D3EB128E}"
EndProject
Project("{9A19103F-16F7-4668-BE54-9A1E7A4F7556}") = "RdlGtk3Viewer", "RdlGtk3Viewer\RdlGtk3Viewer.csproj", "{72133ED0-23A1-47BB-B811-EF87C5D188C7}"
EndProject
Project("{FAE04EC0-301F-11D3-BF4B-00C04F79EFBC}") = "Majorsilence.Drawing.Common", "Majorsilence.Drawing.Common\Majorsilence.Drawing.Common.csproj", "{882E5F2E-4F0E-419E-9170-AD72B200FC06}"
EndProject
Global
	GlobalSection(SolutionConfigurationPlatforms) = preSolution
		Debug|Any CPU = Debug|Any CPU
		Debug|x86 = Debug|x86
		Debug-DrawingCompat|Any CPU = Debug-DrawingCompat|Any CPU
		Debug-DrawingCompat|x86 = Debug-DrawingCompat|x86
		Release|Any CPU = Release|Any CPU
		Release|x86 = Release|x86
		Release-DrawingCompat|Any CPU = Release-DrawingCompat|Any CPU
		Release-DrawingCompat|x86 = Release-DrawingCompat|x86
	EndGlobalSection
	GlobalSection(ProjectConfigurationPlatforms) = postSolution
		{921488F1-F4FC-4438-920E-86E57442B253}.Debug|Any CPU.ActiveCfg = Debug|Any CPU
		{921488F1-F4FC-4438-920E-86E57442B253}.Debug|Any CPU.Build.0 = Debug|Any CPU
		{921488F1-F4FC-4438-920E-86E57442B253}.Debug|x86.ActiveCfg = Debug|Any CPU
		{921488F1-F4FC-4438-920E-86E57442B253}.Debug|x86.Build.0 = Debug|Any CPU
		{921488F1-F4FC-4438-920E-86E57442B253}.Debug-DrawingCompat|Any CPU.ActiveCfg = Debug-DrawingCompat|Any CPU
		{921488F1-F4FC-4438-920E-86E57442B253}.Debug-DrawingCompat|Any CPU.Build.0 = Debug-DrawingCompat|Any CPU
		{921488F1-F4FC-4438-920E-86E57442B253}.Debug-DrawingCompat|x86.ActiveCfg = Debug-DrawingCompat|Any CPU
		{921488F1-F4FC-4438-920E-86E57442B253}.Debug-DrawingCompat|x86.Build.0 = Debug-DrawingCompat|Any CPU
		{921488F1-F4FC-4438-920E-86E57442B253}.Release|Any CPU.ActiveCfg = Release|Any CPU
		{921488F1-F4FC-4438-920E-86E57442B253}.Release|Any CPU.Build.0 = Release|Any CPU
		{921488F1-F4FC-4438-920E-86E57442B253}.Release|x86.ActiveCfg = Release|Any CPU
		{921488F1-F4FC-4438-920E-86E57442B253}.Release|x86.Build.0 = Release|Any CPU
		{921488F1-F4FC-4438-920E-86E57442B253}.Release-DrawingCompat|Any CPU.ActiveCfg = Release-DrawingCompat|Any CPU
		{921488F1-F4FC-4438-920E-86E57442B253}.Release-DrawingCompat|Any CPU.Build.0 = Release-DrawingCompat|Any CPU
		{921488F1-F4FC-4438-920E-86E57442B253}.Release-DrawingCompat|x86.ActiveCfg = Release-DrawingCompat|Any CPU
		{921488F1-F4FC-4438-920E-86E57442B253}.Release-DrawingCompat|x86.Build.0 = Release-DrawingCompat|Any CPU
		{D9F4197F-52D2-49F0-8DAF-E2884733CF2D}.Debug|Any CPU.ActiveCfg = Debug|Any CPU
		{D9F4197F-52D2-49F0-8DAF-E2884733CF2D}.Debug|Any CPU.Build.0 = Debug|Any CPU
		{D9F4197F-52D2-49F0-8DAF-E2884733CF2D}.Debug|x86.ActiveCfg = Debug|Any CPU
		{D9F4197F-52D2-49F0-8DAF-E2884733CF2D}.Debug|x86.Build.0 = Debug|Any CPU
		{D9F4197F-52D2-49F0-8DAF-E2884733CF2D}.Debug-DrawingCompat|Any CPU.ActiveCfg = Debug-DrawingCompat|Any CPU
		{D9F4197F-52D2-49F0-8DAF-E2884733CF2D}.Debug-DrawingCompat|Any CPU.Build.0 = Debug-DrawingCompat|Any CPU
		{D9F4197F-52D2-49F0-8DAF-E2884733CF2D}.Debug-DrawingCompat|x86.ActiveCfg = Debug-DrawingCompat|Any CPU
		{D9F4197F-52D2-49F0-8DAF-E2884733CF2D}.Debug-DrawingCompat|x86.Build.0 = Debug-DrawingCompat|Any CPU
		{D9F4197F-52D2-49F0-8DAF-E2884733CF2D}.Release|Any CPU.ActiveCfg = Release|Any CPU
		{D9F4197F-52D2-49F0-8DAF-E2884733CF2D}.Release|Any CPU.Build.0 = Release|Any CPU
		{D9F4197F-52D2-49F0-8DAF-E2884733CF2D}.Release|x86.ActiveCfg = Release|Any CPU
		{D9F4197F-52D2-49F0-8DAF-E2884733CF2D}.Release|x86.Build.0 = Release|Any CPU
		{D9F4197F-52D2-49F0-8DAF-E2884733CF2D}.Release-DrawingCompat|Any CPU.ActiveCfg = Release-DrawingCompat|Any CPU
		{D9F4197F-52D2-49F0-8DAF-E2884733CF2D}.Release-DrawingCompat|Any CPU.Build.0 = Release-DrawingCompat|Any CPU
		{D9F4197F-52D2-49F0-8DAF-E2884733CF2D}.Release-DrawingCompat|x86.ActiveCfg = Release-DrawingCompat|Any CPU
		{D9F4197F-52D2-49F0-8DAF-E2884733CF2D}.Release-DrawingCompat|x86.Build.0 = Release-DrawingCompat|Any CPU
		{C97E91F4-B310-44E2-9B6C-96775395722D}.Debug|Any CPU.ActiveCfg = Debug|Any CPU
		{C97E91F4-B310-44E2-9B6C-96775395722D}.Debug|Any CPU.Build.0 = Debug|Any CPU
		{C97E91F4-B310-44E2-9B6C-96775395722D}.Debug|x86.ActiveCfg = Debug|Any CPU
		{C97E91F4-B310-44E2-9B6C-96775395722D}.Debug|x86.Build.0 = Debug|Any CPU
		{C97E91F4-B310-44E2-9B6C-96775395722D}.Debug-DrawingCompat|Any CPU.ActiveCfg = Debug-DrawingCompat|Any CPU
		{C97E91F4-B310-44E2-9B6C-96775395722D}.Debug-DrawingCompat|Any CPU.Build.0 = Debug-DrawingCompat|Any CPU
		{C97E91F4-B310-44E2-9B6C-96775395722D}.Debug-DrawingCompat|x86.ActiveCfg = Debug-DrawingCompat|Any CPU
		{C97E91F4-B310-44E2-9B6C-96775395722D}.Debug-DrawingCompat|x86.Build.0 = Debug-DrawingCompat|Any CPU
		{C97E91F4-B310-44E2-9B6C-96775395722D}.Release|Any CPU.ActiveCfg = Release|Any CPU
		{C97E91F4-B310-44E2-9B6C-96775395722D}.Release|Any CPU.Build.0 = Release|Any CPU
		{C97E91F4-B310-44E2-9B6C-96775395722D}.Release|x86.ActiveCfg = Release|Any CPU
		{C97E91F4-B310-44E2-9B6C-96775395722D}.Release|x86.Build.0 = Release|Any CPU
		{C97E91F4-B310-44E2-9B6C-96775395722D}.Release-DrawingCompat|Any CPU.ActiveCfg = Release-DrawingCompat|Any CPU
		{C97E91F4-B310-44E2-9B6C-96775395722D}.Release-DrawingCompat|Any CPU.Build.0 = Release-DrawingCompat|Any CPU
		{C97E91F4-B310-44E2-9B6C-96775395722D}.Release-DrawingCompat|x86.ActiveCfg = Release-DrawingCompat|Any CPU
		{C97E91F4-B310-44E2-9B6C-96775395722D}.Release-DrawingCompat|x86.Build.0 = Release-DrawingCompat|Any CPU
		{9C9ECACA-0DEB-4517-8CF1-02C3D3EB128E}.Debug|Any CPU.ActiveCfg = Debug|Any CPU
		{9C9ECACA-0DEB-4517-8CF1-02C3D3EB128E}.Debug|Any CPU.Build.0 = Debug|Any CPU
		{9C9ECACA-0DEB-4517-8CF1-02C3D3EB128E}.Debug|x86.ActiveCfg = Debug|Any CPU
		{9C9ECACA-0DEB-4517-8CF1-02C3D3EB128E}.Debug|x86.Build.0 = Debug|Any CPU
		{9C9ECACA-0DEB-4517-8CF1-02C3D3EB128E}.Debug-DrawingCompat|Any CPU.ActiveCfg = Debug-DrawingCompat|Any CPU
		{9C9ECACA-0DEB-4517-8CF1-02C3D3EB128E}.Debug-DrawingCompat|Any CPU.Build.0 = Debug-DrawingCompat|Any CPU
		{9C9ECACA-0DEB-4517-8CF1-02C3D3EB128E}.Debug-DrawingCompat|x86.ActiveCfg = Debug-DrawingCompat|Any CPU
		{9C9ECACA-0DEB-4517-8CF1-02C3D3EB128E}.Debug-DrawingCompat|x86.Build.0 = Debug-DrawingCompat|Any CPU
		{9C9ECACA-0DEB-4517-8CF1-02C3D3EB128E}.Release|Any CPU.ActiveCfg = Release|Any CPU
		{9C9ECACA-0DEB-4517-8CF1-02C3D3EB128E}.Release|Any CPU.Build.0 = Release|Any CPU
		{9C9ECACA-0DEB-4517-8CF1-02C3D3EB128E}.Release|x86.ActiveCfg = Release|Any CPU
		{9C9ECACA-0DEB-4517-8CF1-02C3D3EB128E}.Release|x86.Build.0 = Release|Any CPU
		{9C9ECACA-0DEB-4517-8CF1-02C3D3EB128E}.Release-DrawingCompat|Any CPU.ActiveCfg = Release-DrawingCompat|Any CPU
		{9C9ECACA-0DEB-4517-8CF1-02C3D3EB128E}.Release-DrawingCompat|Any CPU.Build.0 = Release-DrawingCompat|Any CPU
		{9C9ECACA-0DEB-4517-8CF1-02C3D3EB128E}.Release-DrawingCompat|x86.ActiveCfg = Release-DrawingCompat|Any CPU
		{9C9ECACA-0DEB-4517-8CF1-02C3D3EB128E}.Release-DrawingCompat|x86.Build.0 = Release-DrawingCompat|Any CPU
		{72133ED0-23A1-47BB-B811-EF87C5D188C7}.Debug|Any CPU.ActiveCfg = Debug|Any CPU
		{72133ED0-23A1-47BB-B811-EF87C5D188C7}.Debug|Any CPU.Build.0 = Debug|Any CPU
		{72133ED0-23A1-47BB-B811-EF87C5D188C7}.Debug|x86.ActiveCfg = Debug|Any CPU
		{72133ED0-23A1-47BB-B811-EF87C5D188C7}.Debug|x86.Build.0 = Debug|Any CPU
		{72133ED0-23A1-47BB-B811-EF87C5D188C7}.Debug-DrawingCompat|Any CPU.ActiveCfg = Debug-DrawingCompat|Any CPU
		{72133ED0-23A1-47BB-B811-EF87C5D188C7}.Debug-DrawingCompat|Any CPU.Build.0 = Debug-DrawingCompat|Any CPU
		{72133ED0-23A1-47BB-B811-EF87C5D188C7}.Debug-DrawingCompat|x86.ActiveCfg = Debug-DrawingCompat|Any CPU
		{72133ED0-23A1-47BB-B811-EF87C5D188C7}.Debug-DrawingCompat|x86.Build.0 = Debug-DrawingCompat|Any CPU
		{72133ED0-23A1-47BB-B811-EF87C5D188C7}.Release|Any CPU.ActiveCfg = Release|Any CPU
		{72133ED0-23A1-47BB-B811-EF87C5D188C7}.Release|Any CPU.Build.0 = Release|Any CPU
		{72133ED0-23A1-47BB-B811-EF87C5D188C7}.Release|x86.ActiveCfg = Release|Any CPU
		{72133ED0-23A1-47BB-B811-EF87C5D188C7}.Release|x86.Build.0 = Release|Any CPU
		{72133ED0-23A1-47BB-B811-EF87C5D188C7}.Release-DrawingCompat|Any CPU.ActiveCfg = Release-DrawingCompat|Any CPU
		{72133ED0-23A1-47BB-B811-EF87C5D188C7}.Release-DrawingCompat|Any CPU.Build.0 = Release-DrawingCompat|Any CPU
		{72133ED0-23A1-47BB-B811-EF87C5D188C7}.Release-DrawingCompat|x86.ActiveCfg = Release-DrawingCompat|Any CPU
		{72133ED0-23A1-47BB-B811-EF87C5D188C7}.Release-DrawingCompat|x86.Build.0 = Release-DrawingCompat|Any CPU
		{882E5F2E-4F0E-419E-9170-AD72B200FC06}.Debug|Any CPU.ActiveCfg = Debug|Any CPU
		{882E5F2E-4F0E-419E-9170-AD72B200FC06}.Debug|Any CPU.Build.0 = Debug|Any CPU
		{882E5F2E-4F0E-419E-9170-AD72B200FC06}.Debug|x86.ActiveCfg = Debug|Any CPU
		{882E5F2E-4F0E-419E-9170-AD72B200FC06}.Debug|x86.Build.0 = Debug|Any CPU
		{882E5F2E-4F0E-419E-9170-AD72B200FC06}.Debug-DrawingCompat|Any CPU.ActiveCfg = Debug-DrawingCompat|Any CPU
		{882E5F2E-4F0E-419E-9170-AD72B200FC06}.Debug-DrawingCompat|Any CPU.Build.0 = Debug-DrawingCompat|Any CPU
		{882E5F2E-4F0E-419E-9170-AD72B200FC06}.Debug-DrawingCompat|x86.ActiveCfg = Debug-DrawingCompat|Any CPU
		{882E5F2E-4F0E-419E-9170-AD72B200FC06}.Debug-DrawingCompat|x86.Build.0 = Debug-DrawingCompat|Any CPU
		{882E5F2E-4F0E-419E-9170-AD72B200FC06}.Release|Any CPU.ActiveCfg = Release|Any CPU
		{882E5F2E-4F0E-419E-9170-AD72B200FC06}.Release|Any CPU.Build.0 = Release|Any CPU
		{882E5F2E-4F0E-419E-9170-AD72B200FC06}.Release|x86.ActiveCfg = Release|Any CPU
		{882E5F2E-4F0E-419E-9170-AD72B200FC06}.Release|x86.Build.0 = Release|Any CPU
		{882E5F2E-4F0E-419E-9170-AD72B200FC06}.Release-DrawingCompat|Any CPU.ActiveCfg = Release-DrawingCompat|Any CPU
		{882E5F2E-4F0E-419E-9170-AD72B200FC06}.Release-DrawingCompat|Any CPU.Build.0 = Release-DrawingCompat|Any CPU
		{882E5F2E-4F0E-419E-9170-AD72B200FC06}.Release-DrawingCompat|x86.ActiveCfg = Release-DrawingCompat|Any CPU
		{882E5F2E-4F0E-419E-9170-AD72B200FC06}.Release-DrawingCompat|x86.Build.0 = Release-DrawingCompat|Any CPU
	EndGlobalSection
	GlobalSection(SolutionProperties) = preSolution
		HideSolutionNode = FALSE
	EndGlobalSection
	GlobalSection(ExtensibilityGlobals) = postSolution
		SolutionGuid = {A5A38F5A-235D-416F-8977-03690280A98E}
	EndGlobalSection
	GlobalSection(MonoDevelopProperties) = preSolution
		StartupItem = RdlGtk3\RdlGtk3.csproj
	EndGlobalSection
EndGlobal
