
Microsoft Visual Studio Solution File, Format Version 12.00
# Visual Studio 15
VisualStudioVersion = 15.0.27130.2010
MinimumVisualStudioVersion = 10.0.40219.1
Project("{FAE04EC0-301F-11D3-BF4B-00C04F79EFBC}") = "DataProviders", "DataProviders\DataProviders.csproj", "{D9F4197F-52D2-49F0-8DAF-E2884733CF2D}"
EndProject
Project("{FAE04EC0-301F-11D3-BF4B-00C04F79EFBC}") = "RdlAsp", "RdlAsp\RdlAsp.csproj", "{5C53B7BA-E8F0-433F-B777-358F3C2AD679}"
EndProject
Project("{FAE04EC0-301F-11D3-BF4B-00C04F79EFBC}") = "RdlCmd", "RdlCmd\RdlCmd.csproj", "{3456CD50-7D14-4AA6-AAA1-AC3760BBC0F3}"
EndProject
Project("{FAE04EC0-301F-11D3-BF4B-00C04F79EFBC}") = "RdlCri", "RdlCri\RdlCri.csproj", "{9C9ECACA-0DEB-4517-8CF1-02C3D3EB128E}"
EndProject
Project("{FAE04EC0-301F-11D3-BF4B-00C04F79EFBC}") = "RdlDesktop", "RdlDesktop\RdlDesktop.csproj", "{D605B305-BB81-441C-B909-DEA35F33C8BF}"
EndProject
Project("{FAE04EC0-301F-11D3-BF4B-00C04F79EFBC}") = "RdlEngine", "RdlEngine\RdlEngine.csproj", "{C97E91F4-B310-44E2-9B6C-96775395722D}"
EndProject
Project("{FAE04EC0-301F-11D3-BF4B-00C04F79EFBC}") = "RdlMapFile", "RdlMapFile\RdlMapFile.csproj", "{342676DA-226D-437F-AAC2-2FEA68EBC466}"
EndProject
Project("{FAE04EC0-301F-11D3-BF4B-00C04F79EFBC}") = "ReportServer", "ReportServer\ReportServer.csproj", "{AA890E36-4560-4F0F-A277-550399825B66}"
EndProject
Project("{2150E333-8FDC-42A3-9474-1A3956D46DE8}") = ".nuget", ".nuget", "{41D0ACBF-09D8-47D1-B8DC-F71B14EFEA32}"
	ProjectSection(SolutionItems) = preProject
		.nuget\NuGet.Config = .nuget\NuGet.Config
	EndProjectSection
EndProject
Global
	GlobalSection(SolutionConfigurationPlatforms) = preSolution
		Debug|Any CPU = Debug|Any CPU
		Debug|Mixed Platforms = Debug|Mixed Platforms
		Debug|x64 = Debug|x64
		Debug|x86 = Debug|x86
		Release|Any CPU = Release|Any CPU
		Release|Mixed Platforms = Release|Mixed Platforms
		Release|x64 = Release|x64
		Release|x86 = Release|x86
	EndGlobalSection
	GlobalSection(ProjectConfigurationPlatforms) = postSolution
		{D9F4197F-52D2-49F0-8DAF-E2884733CF2D}.Debug|Any CPU.ActiveCfg = Debug|Any CPU
		{D9F4197F-52D2-49F0-8DAF-E2884733CF2D}.Debug|Any CPU.Build.0 = Debug|Any CPU
		{D9F4197F-52D2-49F0-8DAF-E2884733CF2D}.Debug|Mixed Platforms.ActiveCfg = Debug|x86
		{D9F4197F-52D2-49F0-8DAF-E2884733CF2D}.Debug|Mixed Platforms.Build.0 = Debug|x86
		{D9F4197F-52D2-49F0-8DAF-E2884733CF2D}.Debug|x64.ActiveCfg = Debug|Any CPU
		{D9F4197F-52D2-49F0-8DAF-E2884733CF2D}.Debug|x64.Build.0 = Debug|Any CPU
		{D9F4197F-52D2-49F0-8DAF-E2884733CF2D}.Debug|x86.ActiveCfg = Debug|Any CPU
		{D9F4197F-52D2-49F0-8DAF-E2884733CF2D}.Debug|x86.Build.0 = Debug|Any CPU
		{D9F4197F-52D2-49F0-8DAF-E2884733CF2D}.Release|Any CPU.ActiveCfg = Release|Any CPU
		{D9F4197F-52D2-49F0-8DAF-E2884733CF2D}.Release|Any CPU.Build.0 = Release|Any CPU
		{D9F4197F-52D2-49F0-8DAF-E2884733CF2D}.Release|Mixed Platforms.ActiveCfg = Release|x86
		{D9F4197F-52D2-49F0-8DAF-E2884733CF2D}.Release|Mixed Platforms.Build.0 = Release|x86
		{D9F4197F-52D2-49F0-8DAF-E2884733CF2D}.Release|x64.ActiveCfg = Release|Any CPU
		{D9F4197F-52D2-49F0-8DAF-E2884733CF2D}.Release|x64.Build.0 = Release|Any CPU
		{D9F4197F-52D2-49F0-8DAF-E2884733CF2D}.Release|x86.ActiveCfg = Release|Any CPU
		{D9F4197F-52D2-49F0-8DAF-E2884733CF2D}.Release|x86.Build.0 = Release|Any CPU
		{5C53B7BA-E8F0-433F-B777-358F3C2AD679}.Debug|Any CPU.ActiveCfg = Debug|Any CPU
		{5C53B7BA-E8F0-433F-B777-358F3C2AD679}.Debug|Any CPU.Build.0 = Debug|Any CPU
		{5C53B7BA-E8F0-433F-B777-358F3C2AD679}.Debug|Mixed Platforms.ActiveCfg = Debug|x86
		{5C53B7BA-E8F0-433F-B777-358F3C2AD679}.Debug|Mixed Platforms.Build.0 = Debug|x86
		{5C53B7BA-E8F0-433F-B777-358F3C2AD679}.Debug|x64.ActiveCfg = Debug|Any CPU
		{5C53B7BA-E8F0-433F-B777-358F3C2AD679}.Debug|x64.Build.0 = Debug|Any CPU
		{5C53B7BA-E8F0-433F-B777-358F3C2AD679}.Debug|x86.ActiveCfg = Debug|Any CPU
		{5C53B7BA-E8F0-433F-B777-358F3C2AD679}.Debug|x86.Build.0 = Debug|Any CPU
		{5C53B7BA-E8F0-433F-B777-358F3C2AD679}.Release|Any CPU.ActiveCfg = Release|Any CPU
		{5C53B7BA-E8F0-433F-B777-358F3C2AD679}.Release|Any CPU.Build.0 = Release|Any CPU
		{5C53B7BA-E8F0-433F-B777-358F3C2AD679}.Release|Mixed Platforms.ActiveCfg = Release|x86
		{5C53B7BA-E8F0-433F-B777-358F3C2AD679}.Release|Mixed Platforms.Build.0 = Release|x86
		{5C53B7BA-E8F0-433F-B777-358F3C2AD679}.Release|x64.ActiveCfg = Release|Any CPU
		{5C53B7BA-E8F0-433F-B777-358F3C2AD679}.Release|x64.Build.0 = Release|Any CPU
		{5C53B7BA-E8F0-433F-B777-358F3C2AD679}.Release|x86.ActiveCfg = Release|Any CPU
		{5C53B7BA-E8F0-433F-B777-358F3C2AD679}.Release|x86.Build.0 = Release|Any CPU
		{3456CD50-7D14-4AA6-AAA1-AC3760BBC0F3}.Debug|Any CPU.ActiveCfg = Debug|Any CPU
		{3456CD50-7D14-4AA6-AAA1-AC3760BBC0F3}.Debug|Any CPU.Build.0 = Debug|Any CPU
		{3456CD50-7D14-4AA6-AAA1-AC3760BBC0F3}.Debug|Mixed Platforms.ActiveCfg = Debug|x86
		{3456CD50-7D14-4AA6-AAA1-AC3760BBC0F3}.Debug|Mixed Platforms.Build.0 = Debug|x86
		{3456CD50-7D14-4AA6-AAA1-AC3760BBC0F3}.Debug|x64.ActiveCfg = Debug|x64
		{3456CD50-7D14-4AA6-AAA1-AC3760BBC0F3}.Debug|x64.Build.0 = Debug|x64
		{3456CD50-7D14-4AA6-AAA1-AC3760BBC0F3}.Debug|x86.ActiveCfg = Debug|x86
		{3456CD50-7D14-4AA6-AAA1-AC3760BBC0F3}.Debug|x86.Build.0 = Debug|x86
		{3456CD50-7D14-4AA6-AAA1-AC3760BBC0F3}.Release|Any CPU.ActiveCfg = Release|Any CPU
		{3456CD50-7D14-4AA6-AAA1-AC3760BBC0F3}.Release|Any CPU.Build.0 = Release|Any CPU
		{3456CD50-7D14-4AA6-AAA1-AC3760BBC0F3}.Release|Mixed Platforms.ActiveCfg = Release|x86
		{3456CD50-7D14-4AA6-AAA1-AC3760BBC0F3}.Release|Mixed Platforms.Build.0 = Release|x86
		{3456CD50-7D14-4AA6-AAA1-AC3760BBC0F3}.Release|x64.ActiveCfg = Release|x64
		{3456CD50-7D14-4AA6-AAA1-AC3760BBC0F3}.Release|x64.Build.0 = Release|x64
		{3456CD50-7D14-4AA6-AAA1-AC3760BBC0F3}.Release|x86.ActiveCfg = Release|x86
		{3456CD50-7D14-4AA6-AAA1-AC3760BBC0F3}.Release|x86.Build.0 = Release|x86
		{9C9ECACA-0DEB-4517-8CF1-02C3D3EB128E}.Debug|Any CPU.ActiveCfg = Debug|Any CPU
		{9C9ECACA-0DEB-4517-8CF1-02C3D3EB128E}.Debug|Any CPU.Build.0 = Debug|Any CPU
		{9C9ECACA-0DEB-4517-8CF1-02C3D3EB128E}.Debug|Mixed Platforms.ActiveCfg = Debug|x86
		{9C9ECACA-0DEB-4517-8CF1-02C3D3EB128E}.Debug|Mixed Platforms.Build.0 = Debug|x86
		{9C9ECACA-0DEB-4517-8CF1-02C3D3EB128E}.Debug|x64.ActiveCfg = Debug|Any CPU
		{9C9ECACA-0DEB-4517-8CF1-02C3D3EB128E}.Debug|x64.Build.0 = Debug|Any CPU
		{9C9ECACA-0DEB-4517-8CF1-02C3D3EB128E}.Debug|x86.ActiveCfg = Debug|Any CPU
		{9C9ECACA-0DEB-4517-8CF1-02C3D3EB128E}.Debug|x86.Build.0 = Debug|Any CPU
		{9C9ECACA-0DEB-4517-8CF1-02C3D3EB128E}.Release|Any CPU.ActiveCfg = Release|Any CPU
		{9C9ECACA-0DEB-4517-8CF1-02C3D3EB128E}.Release|Any CPU.Build.0 = Release|Any CPU
		{9C9ECACA-0DEB-4517-8CF1-02C3D3EB128E}.Release|Mixed Platforms.ActiveCfg = Release|x86
		{9C9ECACA-0DEB-4517-8CF1-02C3D3EB128E}.Release|Mixed Platforms.Build.0 = Release|x86
		{9C9ECACA-0DEB-4517-8CF1-02C3D3EB128E}.Release|x64.ActiveCfg = Release|Any CPU
		{9C9ECACA-0DEB-4517-8CF1-02C3D3EB128E}.Release|x64.Build.0 = Release|Any CPU
		{9C9ECACA-0DEB-4517-8CF1-02C3D3EB128E}.Release|x86.ActiveCfg = Release|Any CPU
		{9C9ECACA-0DEB-4517-8CF1-02C3D3EB128E}.Release|x86.Build.0 = Release|Any CPU
		{D605B305-BB81-441C-B909-DEA35F33C8BF}.Debug|Any CPU.ActiveCfg = Debug|Any CPU
		{D605B305-BB81-441C-B909-DEA35F33C8BF}.Debug|Any CPU.Build.0 = Debug|Any CPU
		{D605B305-BB81-441C-B909-DEA35F33C8BF}.Debug|Mixed Platforms.ActiveCfg = Debug|x86
		{D605B305-BB81-441C-B909-DEA35F33C8BF}.Debug|Mixed Platforms.Build.0 = Debug|x86
		{D605B305-BB81-441C-B909-DEA35F33C8BF}.Debug|x64.ActiveCfg = Debug|x64
		{D605B305-BB81-441C-B909-DEA35F33C8BF}.Debug|x64.Build.0 = Debug|x64
		{D605B305-BB81-441C-B909-DEA35F33C8BF}.Debug|x86.ActiveCfg = Debug|x86
		{D605B305-BB81-441C-B909-DEA35F33C8BF}.Debug|x86.Build.0 = Debug|x86
		{D605B305-BB81-441C-B909-DEA35F33C8BF}.Release|Any CPU.ActiveCfg = Release|Any CPU
		{D605B305-BB81-441C-B909-DEA35F33C8BF}.Release|Any CPU.Build.0 = Release|Any CPU
		{D605B305-BB81-441C-B909-DEA35F33C8BF}.Release|Mixed Platforms.ActiveCfg = Release|x86
		{D605B305-BB81-441C-B909-DEA35F33C8BF}.Release|Mixed Platforms.Build.0 = Release|x86
		{D605B305-BB81-441C-B909-DEA35F33C8BF}.Release|x64.ActiveCfg = Release|x64
		{D605B305-BB81-441C-B909-DEA35F33C8BF}.Release|x64.Build.0 = Release|x64
		{D605B305-BB81-441C-B909-DEA35F33C8BF}.Release|x86.ActiveCfg = Release|x86
		{D605B305-BB81-441C-B909-DEA35F33C8BF}.Release|x86.Build.0 = Release|x86
		{C97E91F4-B310-44E2-9B6C-96775395722D}.Debug|Any CPU.ActiveCfg = Debug|Any CPU
		{C97E91F4-B310-44E2-9B6C-96775395722D}.Debug|Any CPU.Build.0 = Debug|Any CPU
		{C97E91F4-B310-44E2-9B6C-96775395722D}.Debug|Mixed Platforms.ActiveCfg = Debug|x86
		{C97E91F4-B310-44E2-9B6C-96775395722D}.Debug|Mixed Platforms.Build.0 = Debug|x86
		{C97E91F4-B310-44E2-9B6C-96775395722D}.Debug|x64.ActiveCfg = Debug|Any CPU
		{C97E91F4-B310-44E2-9B6C-96775395722D}.Debug|x64.Build.0 = Debug|Any CPU
		{C97E91F4-B310-44E2-9B6C-96775395722D}.Debug|x86.ActiveCfg = Debug|Any CPU
		{C97E91F4-B310-44E2-9B6C-96775395722D}.Debug|x86.Build.0 = Debug|Any CPU
		{C97E91F4-B310-44E2-9B6C-96775395722D}.Release|Any CPU.ActiveCfg = Release|Any CPU
		{C97E91F4-B310-44E2-9B6C-96775395722D}.Release|Any CPU.Build.0 = Release|Any CPU
		{C97E91F4-B310-44E2-9B6C-96775395722D}.Release|Mixed Platforms.ActiveCfg = Release|x86
		{C97E91F4-B310-44E2-9B6C-96775395722D}.Release|Mixed Platforms.Build.0 = Release|x86
		{C97E91F4-B310-44E2-9B6C-96775395722D}.Release|x64.ActiveCfg = Release|Any CPU
		{C97E91F4-B310-44E2-9B6C-96775395722D}.Release|x64.Build.0 = Release|Any CPU
		{C97E91F4-B310-44E2-9B6C-96775395722D}.Release|x86.ActiveCfg = Release|Any CPU
		{C97E91F4-B310-44E2-9B6C-96775395722D}.Release|x86.Build.0 = Release|Any CPU
		{342676DA-226D-437F-AAC2-2FEA68EBC466}.Debug|Any CPU.ActiveCfg = Debug|Any CPU
		{342676DA-226D-437F-AAC2-2FEA68EBC466}.Debug|Any CPU.Build.0 = Debug|Any CPU
		{342676DA-226D-437F-AAC2-2FEA68EBC466}.Debug|Mixed Platforms.ActiveCfg = Debug|x86
		{342676DA-226D-437F-AAC2-2FEA68EBC466}.Debug|Mixed Platforms.Build.0 = Debug|x86
		{342676DA-226D-437F-AAC2-2FEA68EBC466}.Debug|x64.ActiveCfg = Debug|x64
		{342676DA-226D-437F-AAC2-2FEA68EBC466}.Debug|x64.Build.0 = Debug|x64
		{342676DA-226D-437F-AAC2-2FEA68EBC466}.Debug|x86.ActiveCfg = Debug|x86
		{342676DA-226D-437F-AAC2-2FEA68EBC466}.Debug|x86.Build.0 = Debug|x86
		{342676DA-226D-437F-AAC2-2FEA68EBC466}.Release|Any CPU.ActiveCfg = Release|Any CPU
		{342676DA-226D-437F-AAC2-2FEA68EBC466}.Release|Any CPU.Build.0 = Release|Any CPU
		{342676DA-226D-437F-AAC2-2FEA68EBC466}.Release|Mixed Platforms.ActiveCfg = Release|x86
		{342676DA-226D-437F-AAC2-2FEA68EBC466}.Release|Mixed Platforms.Build.0 = Release|x86
		{342676DA-226D-437F-AAC2-2FEA68EBC466}.Release|x64.ActiveCfg = Release|x64
		{342676DA-226D-437F-AAC2-2FEA68EBC466}.Release|x64.Build.0 = Release|x64
		{342676DA-226D-437F-AAC2-2FEA68EBC466}.Release|x86.ActiveCfg = Release|x86
		{342676DA-226D-437F-AAC2-2FEA68EBC466}.Release|x86.Build.0 = Release|x86
		{AA890E36-4560-4F0F-A277-550399825B66}.Debug|Any CPU.ActiveCfg = Debug|Any CPU
		{AA890E36-4560-4F0F-A277-550399825B66}.Debug|Any CPU.Build.0 = Debug|Any CPU
		{AA890E36-4560-4F0F-A277-550399825B66}.Debug|Mixed Platforms.ActiveCfg = Debug|x86
		{AA890E36-4560-4F0F-A277-550399825B66}.Debug|Mixed Platforms.Build.0 = Debug|x86
		{AA890E36-4560-4F0F-A277-550399825B66}.Debug|x64.ActiveCfg = Debug|x64
		{AA890E36-4560-4F0F-A277-550399825B66}.Debug|x64.Build.0 = Debug|x64
		{AA890E36-4560-4F0F-A277-550399825B66}.Debug|x86.ActiveCfg = Debug|x86
		{AA890E36-4560-4F0F-A277-550399825B66}.Debug|x86.Build.0 = Debug|x86
		{AA890E36-4560-4F0F-A277-550399825B66}.Release|Any CPU.ActiveCfg = Release|Any CPU
		{AA890E36-4560-4F0F-A277-550399825B66}.Release|Any CPU.Build.0 = Release|Any CPU
		{AA890E36-4560-4F0F-A277-550399825B66}.Release|Mixed Platforms.ActiveCfg = Release|x86
		{AA890E36-4560-4F0F-A277-550399825B66}.Release|Mixed Platforms.Build.0 = Release|x86
		{AA890E36-4560-4F0F-A277-550399825B66}.Release|x64.ActiveCfg = Release|x64
		{AA890E36-4560-4F0F-A277-550399825B66}.Release|x64.Build.0 = Release|x64
		{AA890E36-4560-4F0F-A277-550399825B66}.Release|x86.ActiveCfg = Release|x86
		{AA890E36-4560-4F0F-A277-550399825B66}.Release|x86.Build.0 = Release|x86
	EndGlobalSection
	GlobalSection(SolutionProperties) = preSolution
		HideSolutionNode = FALSE
	EndGlobalSection
	GlobalSection(ExtensibilityGlobals) = postSolution
		SolutionGuid = {0CA22646-AF0F-4CBC-87E0-963C75E160C0}
	EndGlobalSection
EndGlobal
