
Microsoft Visual Studio Solution File, Format Version 12.00
# Visual Studio Version 17
VisualStudioVersion = 17.2.32630.192
MinimumVisualStudioVersion = 10.0.40219.1
Project("{9A19103F-16F7-4668-BE54-9A1E7A4F7556}") = "Majorsilence.Reporting.DataProviders", "DataProviders\Majorsilence.Reporting.DataProviders.csproj", "{D9F4197F-52D2-49F0-8DAF-E2884733CF2D}"
EndProject
Project("{9A19103F-16F7-4668-BE54-9A1E7A4F7556}") = "LibRdlWpfViewer", "LibRdlWpfViewer\LibRdlWpfViewer.csproj", "{DA84B318-4210-4C7C-9A47-3A9356BC8D83}"
EndProject
Project("{9A19103F-16F7-4668-BE54-9A1E7A4F7556}") = "RdlCmd", "RdlCmd\RdlCmd.csproj", "{3456CD50-7D14-4AA6-AAA1-AC3760BBC0F3}"
EndProject
Project("{9A19103F-16F7-4668-BE54-9A1E7A4F7556}") = "Majorsilence.Reporting.RdlCri", "RdlCri\Majorsilence.Reporting.RdlCri.csproj", "{9C9ECACA-0DEB-4517-8CF1-02C3D3EB128E}"
EndProject
Project("{9A19103F-16F7-4668-BE54-9A1E7A4F7556}") = "Majorsilence.Reporting.ReportDesigner", "RdlDesign\Majorsilence.Reporting.ReportDesigner.csproj", "{3E1D2C49-44A2-46A0-B107-9E8A87AE78A7}"
EndProject
Project("{9A19103F-16F7-4668-BE54-9A1E7A4F7556}") = "RdlDesktop", "RdlDesktop\RdlDesktop.csproj", "{D605B305-BB81-441C-B909-DEA35F33C8BF}"
EndProject
Project("{9A19103F-16F7-4668-BE54-9A1E7A4F7556}") = "Majorsilence.Reporting.RdlEngine", "RdlEngine\Majorsilence.Reporting.RdlEngine.csproj", "{C97E91F4-B310-44E2-9B6C-96775395722D}"
EndProject
Project("{9A19103F-16F7-4668-BE54-9A1E7A4F7556}") = "RdlMapFile", "RdlMapFile\RdlMapFile.csproj", "{342676DA-226D-437F-AAC2-2FEA68EBC466}"
EndProject
Project("{9A19103F-16F7-4668-BE54-9A1E7A4F7556}") = "RdlViewer", "RdlViewer\RdlViewer.csproj", "{D99145B1-CB6C-41F5-BA86-723325145FB5}"
EndProject
Project("{9A19103F-16F7-4668-BE54-9A1E7A4F7556}") = "RdlReader", "RdlReader\RdlReader.csproj", "{2412E381-D3D9-4AB7-A2FA-02D9786260F0}"
EndProject
Project("{9A19103F-16F7-4668-BE54-9A1E7A4F7556}") = "ReportTests", "ReportTests\ReportTests.csproj", "{BD5BF1A8-E24F-4F6D-91D7-074CEEF727EC}"
EndProject
Project("{9A19103F-16F7-4668-BE54-9A1E7A4F7556}") = "EncryptionProvider", "EncryptionProvider\EncryptionProvider.csproj", "{83D67C75-CE23-4141-8BFE-3AC52F53310E}"
EndProject
Project("{9A19103F-16F7-4668-BE54-9A1E7A4F7556}") = "RdlViewer.Tests", "RdlViewer.Tests\RdlViewer.Tests.csproj", "{A46C8EBE-29FC-4EEB-99E9-6011FA2D67EE}"
EndProject
Project("{9A19103F-16F7-4668-BE54-9A1E7A4F7556}") = "Majorsilence.Reporting.RdlGtk3", "RdlGtk3\Majorsilence.Reporting.RdlGtk3.csproj", "{3B8B6B87-E6DE-441C-8BDE-8F3D6C838DEA}"
EndProject
Project("{9A19103F-16F7-4668-BE54-9A1E7A4F7556}") = "RdlGtk3Viewer", "RdlGtk3Viewer\RdlGtk3Viewer.csproj", "{669630A4-BBA7-4374-9AD1-FF9D08335D75}"
EndProject
Project("{9A19103F-16F7-4668-BE54-9A1E7A4F7556}") = "Majorsilence.Reporting.RdlCreator", "RdlCreator\Majorsilence.Reporting.RdlCreator.csproj", "{40D5AB98-0213-4E2D-95E0-596F64BAA7FD}"
EndProject
Project("{9A19103F-16F7-4668-BE54-9A1E7A4F7556}") = "RdlCreator.Tests", "RdlCreator.Tests\RdlCreator.Tests.csproj", "{9AC3B442-07B6-456D-B24A-80745EDC68DC}"
EndProject
Project("{9A19103F-16F7-4668-BE54-9A1E7A4F7556}") = "Majorsilence.Reporting.RdlAsp.Mvc", "RdlAsp.Mvc\Majorsilence.Reporting.RdlAsp.Mvc.csproj", "{8102B877-5D48-4D5B-AC8F-1FABFF56B69A}"
EndProject
Project("{FAE04EC0-301F-11D3-BF4B-00C04F79EFBC}") = "Majorsilence.Drawing.Common", "Majorsilence.Drawing.Common\Majorsilence.Drawing.Common.csproj", "{C4B7CC6B-FE22-48FA-B414-F96DB028F80F}"
EndProject
Project("{2150E333-8FDC-42A3-9474-1A3956D46DE8}") = "Solution Items", "Solution Items", "{9E2BB838-E207-4A55-B8E1-2C09C9CD32FE}"
	ProjectSection(SolutionItems) = preProject
		.editorconfig = .editorconfig
	EndProjectSection
EndProject
Project("{FAE04EC0-301F-11D3-BF4B-00C04F79EFBC}") = "ReportDesigner", "ReportDesigner\ReportDesigner.csproj", "{33525C95-7190-40FD-81E8-FCA6B1FC941F}"
EndProject
Project("{2150E333-8FDC-42A3-9474-1A3956D46DE8}") = "Tests", "Tests", "{02EA681E-C7D8-13C7-8484-4AC65E1B71E8}"
EndProject
Project("{FAE04EC0-301F-11D3-BF4B-00C04F79EFBC}") = "Majorsilence.Reporting.WebExample", "Majorsilence.Reporting.WebExample\Majorsilence.Reporting.WebExample.csproj", "{3EED618B-59E1-4743-8701-CEBE8E636942}"
EndProject
Project("{2150E333-8FDC-42A3-9474-1A3956D46DE8}") = "Examples", "Examples", "{4FD35435-4E05-40B9-9C54-628ED02E4FE8}"
EndProject
Project("{2150E333-8FDC-42A3-9474-1A3956D46DE8}") = "Windows", "Windows", "{3450A307-F504-4A90-BB92-DCCAF16EFD45}"
EndProject
Project("{FAE04EC0-301F-11D3-BF4B-00C04F79EFBC}") = "Majorsilence.Reporting.Benchmarks", "Majorsilence.Reporting.Benchmarks\Majorsilence.Reporting.Benchmarks.csproj", "{3540161E-2C8A-49B5-A56F-0DA3841570E0}"
EndProject
Project("{FAE04EC0-301F-11D3-BF4B-00C04F79EFBC}") = "ReportTests.Windows", "ReportTests.Windows\ReportTests.Windows.csproj", "{04C73D18-6758-4AE1-877F-6A32B243F027}"
EndProject
Project("{FAE04EC0-301F-11D3-BF4B-00C04F79EFBC}") = "Majorsilence.WinformUtils", "Majorsilence.WinformUtils\Majorsilence.WinformUtils.csproj", "{FD0687EF-1A0B-4992-9A17-1B8ABDD1A2D2}"
EndProject
Global
	GlobalSection(SolutionConfigurationPlatforms) = preSolution
		Debug|Any CPU = Debug|Any CPU
		Debug-DrawingCompat|Any CPU = Debug-DrawingCompat|Any CPU
		Release|Any CPU = Release|Any CPU
		Release-DrawingCompat|Any CPU = Release-DrawingCompat|Any CPU
	EndGlobalSection
	GlobalSection(ProjectConfigurationPlatforms) = postSolution
		{D9F4197F-52D2-49F0-8DAF-E2884733CF2D}.Debug|Any CPU.ActiveCfg = Debug|Any CPU
		{D9F4197F-52D2-49F0-8DAF-E2884733CF2D}.Debug|Any CPU.Build.0 = Debug|Any CPU
		{D9F4197F-52D2-49F0-8DAF-E2884733CF2D}.Debug-DrawingCompat|Any CPU.ActiveCfg = Debug-DrawingCompat|Any CPU
		{D9F4197F-52D2-49F0-8DAF-E2884733CF2D}.Debug-DrawingCompat|Any CPU.Build.0 = Debug-DrawingCompat|Any CPU
		{D9F4197F-52D2-49F0-8DAF-E2884733CF2D}.Release|Any CPU.ActiveCfg = Release|Any CPU
		{D9F4197F-52D2-49F0-8DAF-E2884733CF2D}.Release|Any CPU.Build.0 = Release|Any CPU
		{D9F4197F-52D2-49F0-8DAF-E2884733CF2D}.Release-DrawingCompat|Any CPU.ActiveCfg = Release-DrawingCompat|Any CPU
		{D9F4197F-52D2-49F0-8DAF-E2884733CF2D}.Release-DrawingCompat|Any CPU.Build.0 = Release-DrawingCompat|Any CPU
		{DA84B318-4210-4C7C-9A47-3A9356BC8D83}.Debug|Any CPU.ActiveCfg = Debug|Any CPU
		{DA84B318-4210-4C7C-9A47-3A9356BC8D83}.Debug|Any CPU.Build.0 = Debug|Any CPU
		{DA84B318-4210-4C7C-9A47-3A9356BC8D83}.Debug-DrawingCompat|Any CPU.ActiveCfg = Debug-DrawingCompat|Any CPU
		{DA84B318-4210-4C7C-9A47-3A9356BC8D83}.Release|Any CPU.ActiveCfg = Release|Any CPU
		{DA84B318-4210-4C7C-9A47-3A9356BC8D83}.Release|Any CPU.Build.0 = Release|Any CPU
		{DA84B318-4210-4C7C-9A47-3A9356BC8D83}.Release-DrawingCompat|Any CPU.ActiveCfg = Release-DrawingCompat|Any CPU
		{3456CD50-7D14-4AA6-AAA1-AC3760BBC0F3}.Debug|Any CPU.ActiveCfg = Debug|Any CPU
		{3456CD50-7D14-4AA6-AAA1-AC3760BBC0F3}.Debug|Any CPU.Build.0 = Debug|Any CPU
		{3456CD50-7D14-4AA6-AAA1-AC3760BBC0F3}.Debug-DrawingCompat|Any CPU.ActiveCfg = Debug-DrawingCompat|Any CPU
		{3456CD50-7D14-4AA6-AAA1-AC3760BBC0F3}.Debug-DrawingCompat|Any CPU.Build.0 = Debug-DrawingCompat|Any CPU
		{3456CD50-7D14-4AA6-AAA1-AC3760BBC0F3}.Release|Any CPU.ActiveCfg = Release|Any CPU
		{3456CD50-7D14-4AA6-AAA1-AC3760BBC0F3}.Release|Any CPU.Build.0 = Release|Any CPU
		{3456CD50-7D14-4AA6-AAA1-AC3760BBC0F3}.Release-DrawingCompat|Any CPU.ActiveCfg = Release-DrawingCompat|Any CPU
		{3456CD50-7D14-4AA6-AAA1-AC3760BBC0F3}.Release-DrawingCompat|Any CPU.Build.0 = Release-DrawingCompat|Any CPU
		{9C9ECACA-0DEB-4517-8CF1-02C3D3EB128E}.Debug|Any CPU.ActiveCfg = Debug|Any CPU
		{9C9ECACA-0DEB-4517-8CF1-02C3D3EB128E}.Debug|Any CPU.Build.0 = Debug|Any CPU
		{9C9ECACA-0DEB-4517-8CF1-02C3D3EB128E}.Debug-DrawingCompat|Any CPU.ActiveCfg = Debug-DrawingCompat|Any CPU
		{9C9ECACA-0DEB-4517-8CF1-02C3D3EB128E}.Debug-DrawingCompat|Any CPU.Build.0 = Debug-DrawingCompat|Any CPU
		{9C9ECACA-0DEB-4517-8CF1-02C3D3EB128E}.Release|Any CPU.ActiveCfg = Release|Any CPU
		{9C9ECACA-0DEB-4517-8CF1-02C3D3EB128E}.Release|Any CPU.Build.0 = Release|Any CPU
		{9C9ECACA-0DEB-4517-8CF1-02C3D3EB128E}.Release-DrawingCompat|Any CPU.ActiveCfg = Release-DrawingCompat|Any CPU
		{9C9ECACA-0DEB-4517-8CF1-02C3D3EB128E}.Release-DrawingCompat|Any CPU.Build.0 = Release-DrawingCompat|Any CPU
		{3E1D2C49-44A2-46A0-B107-9E8A87AE78A7}.Debug|Any CPU.ActiveCfg = Debug|Any CPU
		{3E1D2C49-44A2-46A0-B107-9E8A87AE78A7}.Debug|Any CPU.Build.0 = Debug|Any CPU
		{3E1D2C49-44A2-46A0-B107-9E8A87AE78A7}.Debug-DrawingCompat|Any CPU.ActiveCfg = Debug-DrawingCompat|Any CPU
		{3E1D2C49-44A2-46A0-B107-9E8A87AE78A7}.Release|Any CPU.ActiveCfg = Release|Any CPU
		{3E1D2C49-44A2-46A0-B107-9E8A87AE78A7}.Release|Any CPU.Build.0 = Release|Any CPU
		{3E1D2C49-44A2-46A0-B107-9E8A87AE78A7}.Release-DrawingCompat|Any CPU.ActiveCfg = Release|Any CPU
		{D605B305-BB81-441C-B909-DEA35F33C8BF}.Debug|Any CPU.ActiveCfg = Debug|Any CPU
		{D605B305-BB81-441C-B909-DEA35F33C8BF}.Debug|Any CPU.Build.0 = Debug|Any CPU
		{D605B305-BB81-441C-B909-DEA35F33C8BF}.Debug-DrawingCompat|Any CPU.ActiveCfg = Debug-DrawingCompat|Any CPU
		{D605B305-BB81-441C-B909-DEA35F33C8BF}.Debug-DrawingCompat|Any CPU.Build.0 = Debug-DrawingCompat|Any CPU
		{D605B305-BB81-441C-B909-DEA35F33C8BF}.Release|Any CPU.ActiveCfg = Release|Any CPU
		{D605B305-BB81-441C-B909-DEA35F33C8BF}.Release|Any CPU.Build.0 = Release|Any CPU
		{D605B305-BB81-441C-B909-DEA35F33C8BF}.Release-DrawingCompat|Any CPU.ActiveCfg = Release-DrawingCompat|Any CPU
		{D605B305-BB81-441C-B909-DEA35F33C8BF}.Release-DrawingCompat|Any CPU.Build.0 = Release-DrawingCompat|Any CPU
		{C97E91F4-B310-44E2-9B6C-96775395722D}.Debug|Any CPU.ActiveCfg = Debug|Any CPU
		{C97E91F4-B310-44E2-9B6C-96775395722D}.Debug|Any CPU.Build.0 = Debug|Any CPU
		{C97E91F4-B310-44E2-9B6C-96775395722D}.Debug-DrawingCompat|Any CPU.ActiveCfg = Debug-DrawingCompat|Any CPU
		{C97E91F4-B310-44E2-9B6C-96775395722D}.Debug-DrawingCompat|Any CPU.Build.0 = Debug-DrawingCompat|Any CPU
		{C97E91F4-B310-44E2-9B6C-96775395722D}.Release|Any CPU.ActiveCfg = Release|Any CPU
		{C97E91F4-B310-44E2-9B6C-96775395722D}.Release|Any CPU.Build.0 = Release|Any CPU
		{C97E91F4-B310-44E2-9B6C-96775395722D}.Release-DrawingCompat|Any CPU.ActiveCfg = Release-DrawingCompat|Any CPU
		{C97E91F4-B310-44E2-9B6C-96775395722D}.Release-DrawingCompat|Any CPU.Build.0 = Release-DrawingCompat|Any CPU
		{342676DA-226D-437F-AAC2-2FEA68EBC466}.Debug|Any CPU.ActiveCfg = Debug|Any CPU
		{342676DA-226D-437F-AAC2-2FEA68EBC466}.Debug|Any CPU.Build.0 = Debug|Any CPU
		{342676DA-226D-437F-AAC2-2FEA68EBC466}.Debug-DrawingCompat|Any CPU.ActiveCfg = Debug-DrawingCompat|Any CPU
		{342676DA-226D-437F-AAC2-2FEA68EBC466}.Release|Any CPU.ActiveCfg = Release|Any CPU
		{342676DA-226D-437F-AAC2-2FEA68EBC466}.Release|Any CPU.Build.0 = Release|Any CPU
		{342676DA-226D-437F-AAC2-2FEA68EBC466}.Release-DrawingCompat|Any CPU.ActiveCfg = Release|Any CPU
		{D99145B1-CB6C-41F5-BA86-723325145FB5}.Debug|Any CPU.ActiveCfg = Debug|Any CPU
		{D99145B1-CB6C-41F5-BA86-723325145FB5}.Debug|Any CPU.Build.0 = Debug|Any CPU
		{D99145B1-CB6C-41F5-BA86-723325145FB5}.Debug-DrawingCompat|Any CPU.ActiveCfg = Debug-DrawingCompat|Any CPU
		{D99145B1-CB6C-41F5-BA86-723325145FB5}.Release|Any CPU.ActiveCfg = Release|Any CPU
		{D99145B1-CB6C-41F5-BA86-723325145FB5}.Release|Any CPU.Build.0 = Release|Any CPU
		{D99145B1-CB6C-41F5-BA86-723325145FB5}.Release-DrawingCompat|Any CPU.ActiveCfg = Release|Any CPU
		{2412E381-D3D9-4AB7-A2FA-02D9786260F0}.Debug|Any CPU.ActiveCfg = Debug|Any CPU
		{2412E381-D3D9-4AB7-A2FA-02D9786260F0}.Debug|Any CPU.Build.0 = Debug|Any CPU
		{2412E381-D3D9-4AB7-A2FA-02D9786260F0}.Debug-DrawingCompat|Any CPU.ActiveCfg = Debug-DrawingCompat|Any CPU
		{2412E381-D3D9-4AB7-A2FA-02D9786260F0}.Release|Any CPU.ActiveCfg = Release|Any CPU
		{2412E381-D3D9-4AB7-A2FA-02D9786260F0}.Release|Any CPU.Build.0 = Release|Any CPU
		{2412E381-D3D9-4AB7-A2FA-02D9786260F0}.Release-DrawingCompat|Any CPU.ActiveCfg = Release|Any CPU
		{BD5BF1A8-E24F-4F6D-91D7-074CEEF727EC}.Debug|Any CPU.ActiveCfg = Debug|Any CPU
		{BD5BF1A8-E24F-4F6D-91D7-074CEEF727EC}.Debug|Any CPU.Build.0 = Debug|Any CPU
		{BD5BF1A8-E24F-4F6D-91D7-074CEEF727EC}.Debug-DrawingCompat|Any CPU.ActiveCfg = Debug-DrawingCompat|Any CPU
		{BD5BF1A8-E24F-4F6D-91D7-074CEEF727EC}.Release|Any CPU.ActiveCfg = Release|Any CPU
		{BD5BF1A8-E24F-4F6D-91D7-074CEEF727EC}.Release|Any CPU.Build.0 = Release|Any CPU
		{BD5BF1A8-E24F-4F6D-91D7-074CEEF727EC}.Debug-DrawingCompat|Any CPU.Build.0 = Debug-DrawingCompat|Any CPU
		{BD5BF1A8-E24F-4F6D-91D7-074CEEF727EC}.Release-DrawingCompat|Any CPU.ActiveCfg = Release-DrawingCompat|Any CPU
		{BD5BF1A8-E24F-4F6D-91D7-074CEEF727EC}.Release-DrawingCompat|Any CPU.Build.0 = Release-DrawingCompat|Any CPU
		{83D67C75-CE23-4141-8BFE-3AC52F53310E}.Debug|Any CPU.ActiveCfg = Debug|Any CPU
		{83D67C75-CE23-4141-8BFE-3AC52F53310E}.Debug|Any CPU.Build.0 = Debug|Any CPU
		{83D67C75-CE23-4141-8BFE-3AC52F53310E}.Debug-DrawingCompat|Any CPU.ActiveCfg = Debug-DrawingCompat|Any CPU
		{83D67C75-CE23-4141-8BFE-3AC52F53310E}.Release|Any CPU.ActiveCfg = Release|Any CPU
		{83D67C75-CE23-4141-8BFE-3AC52F53310E}.Release|Any CPU.Build.0 = Release|Any CPU
		{83D67C75-CE23-4141-8BFE-3AC52F53310E}.Release-DrawingCompat|Any CPU.ActiveCfg = Release|Any CPU
		{A46C8EBE-29FC-4EEB-99E9-6011FA2D67EE}.Debug|Any CPU.ActiveCfg = Debug|Any CPU
		{A46C8EBE-29FC-4EEB-99E9-6011FA2D67EE}.Debug|Any CPU.Build.0 = Debug|Any CPU
		{A46C8EBE-29FC-4EEB-99E9-6011FA2D67EE}.Debug-DrawingCompat|Any CPU.ActiveCfg = Debug-DrawingCompat|Any CPU
		{A46C8EBE-29FC-4EEB-99E9-6011FA2D67EE}.Release|Any CPU.ActiveCfg = Release|Any CPU
		{A46C8EBE-29FC-4EEB-99E9-6011FA2D67EE}.Release|Any CPU.Build.0 = Release|Any CPU
		{A46C8EBE-29FC-4EEB-99E9-6011FA2D67EE}.Release-DrawingCompat|Any CPU.ActiveCfg = Release|Any CPU
		{3B8B6B87-E6DE-441C-8BDE-8F3D6C838DEA}.Debug|Any CPU.ActiveCfg = Debug|Any CPU
		{3B8B6B87-E6DE-441C-8BDE-8F3D6C838DEA}.Debug|Any CPU.Build.0 = Debug|Any CPU
		{3B8B6B87-E6DE-441C-8BDE-8F3D6C838DEA}.Debug-DrawingCompat|Any CPU.ActiveCfg = Debug-DrawingCompat|Any CPU
		{3B8B6B87-E6DE-441C-8BDE-8F3D6C838DEA}.Debug-DrawingCompat|Any CPU.Build.0 = Debug-DrawingCompat|Any CPU
		{3B8B6B87-E6DE-441C-8BDE-8F3D6C838DEA}.Release|Any CPU.ActiveCfg = Release|Any CPU
		{3B8B6B87-E6DE-441C-8BDE-8F3D6C838DEA}.Release|Any CPU.Build.0 = Release|Any CPU
		{3B8B6B87-E6DE-441C-8BDE-8F3D6C838DEA}.Release-DrawingCompat|Any CPU.ActiveCfg = Release-DrawingCompat|Any CPU
		{3B8B6B87-E6DE-441C-8BDE-8F3D6C838DEA}.Release-DrawingCompat|Any CPU.Build.0 = Release-DrawingCompat|Any CPU
		{669630A4-BBA7-4374-9AD1-FF9D08335D75}.Debug|Any CPU.ActiveCfg = Debug|Any CPU
		{669630A4-BBA7-4374-9AD1-FF9D08335D75}.Debug|Any CPU.Build.0 = Debug|Any CPU
		{669630A4-BBA7-4374-9AD1-FF9D08335D75}.Debug-DrawingCompat|Any CPU.ActiveCfg = Debug-DrawingCompat|Any CPU
		{669630A4-BBA7-4374-9AD1-FF9D08335D75}.Debug-DrawingCompat|Any CPU.Build.0 = Debug-DrawingCompat|Any CPU
		{669630A4-BBA7-4374-9AD1-FF9D08335D75}.Release|Any CPU.ActiveCfg = Release|Any CPU
		{669630A4-BBA7-4374-9AD1-FF9D08335D75}.Release|Any CPU.Build.0 = Release|Any CPU
		{669630A4-BBA7-4374-9AD1-FF9D08335D75}.Release-DrawingCompat|Any CPU.ActiveCfg = Release-DrawingCompat|Any CPU
		{669630A4-BBA7-4374-9AD1-FF9D08335D75}.Release-DrawingCompat|Any CPU.Build.0 = Release-DrawingCompat|Any CPU
		{40D5AB98-0213-4E2D-95E0-596F64BAA7FD}.Debug|Any CPU.ActiveCfg = Debug|Any CPU
		{40D5AB98-0213-4E2D-95E0-596F64BAA7FD}.Debug|Any CPU.Build.0 = Debug|Any CPU
		{40D5AB98-0213-4E2D-95E0-596F64BAA7FD}.Debug-DrawingCompat|Any CPU.ActiveCfg = Debug-DrawingCompat|Any CPU
		{40D5AB98-0213-4E2D-95E0-596F64BAA7FD}.Debug-DrawingCompat|Any CPU.Build.0 = Debug-DrawingCompat|Any CPU
		{40D5AB98-0213-4E2D-95E0-596F64BAA7FD}.Release|Any CPU.ActiveCfg = Release|Any CPU
		{40D5AB98-0213-4E2D-95E0-596F64BAA7FD}.Release|Any CPU.Build.0 = Release|Any CPU
		{40D5AB98-0213-4E2D-95E0-596F64BAA7FD}.Release-DrawingCompat|Any CPU.ActiveCfg = Release-DrawingCompat|Any CPU
		{40D5AB98-0213-4E2D-95E0-596F64BAA7FD}.Release-DrawingCompat|Any CPU.Build.0 = Release-DrawingCompat|Any CPU
		{9AC3B442-07B6-456D-B24A-80745EDC68DC}.Debug|Any CPU.ActiveCfg = Debug|Any CPU
		{9AC3B442-07B6-456D-B24A-80745EDC68DC}.Debug|Any CPU.Build.0 = Debug|Any CPU
		{9AC3B442-07B6-456D-B24A-80745EDC68DC}.Debug-DrawingCompat|Any CPU.ActiveCfg = Debug-DrawingCompat|Any CPU
		{9AC3B442-07B6-456D-B24A-80745EDC68DC}.Debug-DrawingCompat|Any CPU.Build.0 = Debug-DrawingCompat|Any CPU
		{9AC3B442-07B6-456D-B24A-80745EDC68DC}.Release|Any CPU.ActiveCfg = Release|Any CPU
		{9AC3B442-07B6-456D-B24A-80745EDC68DC}.Release|Any CPU.Build.0 = Release|Any CPU
		{9AC3B442-07B6-456D-B24A-80745EDC68DC}.Release-DrawingCompat|Any CPU.ActiveCfg = Release-DrawingCompat|Any CPU
		{9AC3B442-07B6-456D-B24A-80745EDC68DC}.Release-DrawingCompat|Any CPU.Build.0 = Release-DrawingCompat|Any CPU
		{8102B877-5D48-4D5B-AC8F-1FABFF56B69A}.Debug|Any CPU.ActiveCfg = Debug|Any CPU
		{8102B877-5D48-4D5B-AC8F-1FABFF56B69A}.Debug|Any CPU.Build.0 = Debug|Any CPU
		{8102B877-5D48-4D5B-AC8F-1FABFF56B69A}.Debug-DrawingCompat|Any CPU.ActiveCfg = Debug-DrawingCompat|Any CPU
		{8102B877-5D48-4D5B-AC8F-1FABFF56B69A}.Debug-DrawingCompat|Any CPU.Build.0 = Debug-DrawingCompat|Any CPU
		{8102B877-5D48-4D5B-AC8F-1FABFF56B69A}.Release|Any CPU.ActiveCfg = Release|Any CPU
		{8102B877-5D48-4D5B-AC8F-1FABFF56B69A}.Release|Any CPU.Build.0 = Release|Any CPU
		{8102B877-5D48-4D5B-AC8F-1FABFF56B69A}.Release-DrawingCompat|Any CPU.ActiveCfg = Release-DrawingCompat|Any CPU
		{8102B877-5D48-4D5B-AC8F-1FABFF56B69A}.Release-DrawingCompat|Any CPU.Build.0 = Release-DrawingCompat|Any CPU
		{C4B7CC6B-FE22-48FA-B414-F96DB028F80F}.Debug|Any CPU.ActiveCfg = Debug|Any CPU
		{C4B7CC6B-FE22-48FA-B414-F96DB028F80F}.Debug|Any CPU.Build.0 = Debug|Any CPU
		{C4B7CC6B-FE22-48FA-B414-F96DB028F80F}.Debug-DrawingCompat|Any CPU.ActiveCfg = Debug-DrawingCompat|Any CPU
		{C4B7CC6B-FE22-48FA-B414-F96DB028F80F}.Debug-DrawingCompat|Any CPU.Build.0 = Debug-DrawingCompat|Any CPU
		{C4B7CC6B-FE22-48FA-B414-F96DB028F80F}.Release|Any CPU.ActiveCfg = Release|Any CPU
		{C4B7CC6B-FE22-48FA-B414-F96DB028F80F}.Release|Any CPU.Build.0 = Release|Any CPU
		{C4B7CC6B-FE22-48FA-B414-F96DB028F80F}.Release-DrawingCompat|Any CPU.ActiveCfg = Release-DrawingCompat|Any CPU
		{C4B7CC6B-FE22-48FA-B414-F96DB028F80F}.Release-DrawingCompat|Any CPU.Build.0 = Release-DrawingCompat|Any CPU
		{33525C95-7190-40FD-81E8-FCA6B1FC941F}.Debug|Any CPU.ActiveCfg = Debug|Any CPU
		{33525C95-7190-40FD-81E8-FCA6B1FC941F}.Debug|Any CPU.Build.0 = Debug|Any CPU
		{33525C95-7190-40FD-81E8-FCA6B1FC941F}.Debug-DrawingCompat|Any CPU.ActiveCfg = Debug|Any CPU
		{33525C95-7190-40FD-81E8-FCA6B1FC941F}.Release|Any CPU.ActiveCfg = Release|Any CPU
		{33525C95-7190-40FD-81E8-FCA6B1FC941F}.Release|Any CPU.Build.0 = Release|Any CPU
		{33525C95-7190-40FD-81E8-FCA6B1FC941F}.Release-DrawingCompat|Any CPU.ActiveCfg = Release|Any CPU
		{3EED618B-59E1-4743-8701-CEBE8E636942}.Debug|Any CPU.ActiveCfg = Debug|Any CPU
		{3EED618B-59E1-4743-8701-CEBE8E636942}.Debug|Any CPU.Build.0 = Debug|Any CPU
		{3EED618B-59E1-4743-8701-CEBE8E636942}.Release|Any CPU.ActiveCfg = Release|Any CPU
		{3EED618B-59E1-4743-8701-CEBE8E636942}.Release|Any CPU.Build.0 = Release|Any CPU
		{3EED618B-59E1-4743-8701-CEBE8E636942}.Debug-DrawingCompat|Any CPU.ActiveCfg = Debug-DrawingCompat|Any CPU
		{3EED618B-59E1-4743-8701-CEBE8E636942}.Debug-DrawingCompat|Any CPU.Build.0 = Debug-DrawingCompat|Any CPU
		{3EED618B-59E1-4743-8701-CEBE8E636942}.Release-DrawingCompat|Any CPU.ActiveCfg = Release-DrawingCompat|Any CPU
		{3EED618B-59E1-4743-8701-CEBE8E636942}.Release-DrawingCompat|Any CPU.Build.0 = Release-DrawingCompat|Any CPU
		{3540161E-2C8A-49B5-A56F-0DA3841570E0}.Debug|Any CPU.ActiveCfg = Debug|Any CPU
		{3540161E-2C8A-49B5-A56F-0DA3841570E0}.Debug|Any CPU.Build.0 = Debug|Any CPU
		{3540161E-2C8A-49B5-A56F-0DA3841570E0}.Debug-DrawingCompat|Any CPU.ActiveCfg = Debug|Any CPU
		{3540161E-2C8A-49B5-A56F-0DA3841570E0}.Debug-DrawingCompat|Any CPU.Build.0 = Debug|Any CPU
		{3540161E-2C8A-49B5-A56F-0DA3841570E0}.Release|Any CPU.ActiveCfg = Release|Any CPU
		{3540161E-2C8A-49B5-A56F-0DA3841570E0}.Release|Any CPU.Build.0 = Release|Any CPU
		{3540161E-2C8A-49B5-A56F-0DA3841570E0}.Release-DrawingCompat|Any CPU.ActiveCfg = Release-DrawingCompat|Any CPU
		{3540161E-2C8A-49B5-A56F-0DA3841570E0}.Release-DrawingCompat|Any CPU.Build.0 = Release-DrawingCompat|Any CPU
		{04C73D18-6758-4AE1-877F-6A32B243F027}.Debug|Any CPU.ActiveCfg = Debug|Any CPU
		{04C73D18-6758-4AE1-877F-6A32B243F027}.Debug|Any CPU.Build.0 = Debug|Any CPU
		{04C73D18-6758-4AE1-877F-6A32B243F027}.Debug-DrawingCompat|Any CPU.ActiveCfg = Debug|Any CPU
		{04C73D18-6758-4AE1-877F-6A32B243F027}.Release|Any CPU.ActiveCfg = Release|Any CPU
		{04C73D18-6758-4AE1-877F-6A32B243F027}.Release|Any CPU.Build.0 = Release|Any CPU
		{04C73D18-6758-4AE1-877F-6A32B243F027}.Release-DrawingCompat|Any CPU.ActiveCfg = Release|Any CPU
		{FD0687EF-1A0B-4992-9A17-1B8ABDD1A2D2}.Debug|Any CPU.ActiveCfg = Debug|Any CPU
		{FD0687EF-1A0B-4992-9A17-1B8ABDD1A2D2}.Debug|Any CPU.Build.0 = Debug|Any CPU
		{FD0687EF-1A0B-4992-9A17-1B8ABDD1A2D2}.Debug-DrawingCompat|Any CPU.ActiveCfg = Debug|Any CPU
		{FD0687EF-1A0B-4992-9A17-1B8ABDD1A2D2}.Release|Any CPU.ActiveCfg = Release|Any CPU
		{FD0687EF-1A0B-4992-9A17-1B8ABDD1A2D2}.Release|Any CPU.Build.0 = Release|Any CPU
		{FD0687EF-1A0B-4992-9A17-1B8ABDD1A2D2}.Release-DrawingCompat|Any CPU.ActiveCfg = Debug|Any CPU
	EndGlobalSection
	GlobalSection(SolutionProperties) = preSolution
		HideSolutionNode = FALSE
	EndGlobalSection
	GlobalSection(NestedProjects) = preSolution
		{BD5BF1A8-E24F-4F6D-91D7-074CEEF727EC} = {02EA681E-C7D8-13C7-8484-4AC65E1B71E8}
		{A46C8EBE-29FC-4EEB-99E9-6011FA2D67EE} = {02EA681E-C7D8-13C7-8484-4AC65E1B71E8}
		{9AC3B442-07B6-456D-B24A-80745EDC68DC} = {02EA681E-C7D8-13C7-8484-4AC65E1B71E8}
		{3EED618B-59E1-4743-8701-CEBE8E636942} = {4FD35435-4E05-40B9-9C54-628ED02E4FE8}
		{DA84B318-4210-4C7C-9A47-3A9356BC8D83} = {3450A307-F504-4A90-BB92-DCCAF16EFD45}
		{3E1D2C49-44A2-46A0-B107-9E8A87AE78A7} = {3450A307-F504-4A90-BB92-DCCAF16EFD45}
		{342676DA-226D-437F-AAC2-2FEA68EBC466} = {3450A307-F504-4A90-BB92-DCCAF16EFD45}
		{2412E381-D3D9-4AB7-A2FA-02D9786260F0} = {3450A307-F504-4A90-BB92-DCCAF16EFD45}
		{D99145B1-CB6C-41F5-BA86-723325145FB5} = {3450A307-F504-4A90-BB92-DCCAF16EFD45}
		{33525C95-7190-40FD-81E8-FCA6B1FC941F} = {3450A307-F504-4A90-BB92-DCCAF16EFD45}
		{83D67C75-CE23-4141-8BFE-3AC52F53310E} = {3450A307-F504-4A90-BB92-DCCAF16EFD45}
		{3540161E-2C8A-49B5-A56F-0DA3841570E0} = {02EA681E-C7D8-13C7-8484-4AC65E1B71E8}
		{04C73D18-6758-4AE1-877F-6A32B243F027} = {02EA681E-C7D8-13C7-8484-4AC65E1B71E8}
		{FD0687EF-1A0B-4992-9A17-1B8ABDD1A2D2} = {3450A307-F504-4A90-BB92-DCCAF16EFD45}
	EndGlobalSection
	GlobalSection(ExtensibilityGlobals) = postSolution
		SolutionGuid = {926406B1-6334-4091-963D-93DEB6837CCB}
	EndGlobalSection
EndGlobal
