
Microsoft Visual Studio Solution File, Format Version 12.00
# Visual Studio 14
VisualStudioVersion = 14.0.25420.1
MinimumVisualStudioVersion = 10.0.40219.1
Project("{FAE04EC0-301F-11D3-BF4B-00C04F79EFBC}") = "DataProviders", "DataProviders\DataProviders.csproj", "{D9F4197F-52D2-49F0-8DAF-E2884733CF2D}"
EndProject
Project("{FAE04EC0-301F-11D3-BF4B-00C04F79EFBC}") = "LibRdlWpfViewer", "LibRdlWpfViewer\LibRdlWpfViewer.csproj", "{DA84B318-4210-4C7C-9A47-3A9356BC8D83}"
EndProject
Project("{FAE04EC0-301F-11D3-BF4B-00C04F79EFBC}") = "RdlAsp", "RdlAsp\RdlAsp.csproj", "{5C53B7BA-E8F0-433F-B777-358F3C2AD679}"
EndProject
Project("{FAE04EC0-301F-11D3-BF4B-00C04F79EFBC}") = "RdlCmd", "RdlCmd\RdlCmd.csproj", "{3456CD50-7D14-4AA6-AAA1-AC3760BBC0F3}"
EndProject
Project("{FAE04EC0-301F-11D3-BF4B-00C04F79EFBC}") = "RdlCri", "RdlCri\RdlCri.csproj", "{9C9ECACA-0DEB-4517-8CF1-02C3D3EB128E}"
EndProject
Project("{FAE04EC0-301F-11D3-BF4B-00C04F79EFBC}") = "ReportDesigner", "RdlDesign\ReportDesigner.csproj", "{3E1D2C49-44A2-46A0-B107-9E8A87AE78A7}"
EndProject
Project("{FAE04EC0-301F-11D3-BF4B-00C04F79EFBC}") = "RdlDesktop", "RdlDesktop\RdlDesktop.csproj", "{D605B305-BB81-441C-B909-DEA35F33C8BF}"
EndProject
Project("{FAE04EC0-301F-11D3-BF4B-00C04F79EFBC}") = "RdlEngine", "RdlEngine\RdlEngine.csproj", "{C97E91F4-B310-44E2-9B6C-96775395722D}"
EndProject
Project("{FAE04EC0-301F-11D3-BF4B-00C04F79EFBC}") = "RdlMapFile", "RdlMapFile\RdlMapFile.csproj", "{342676DA-226D-437F-AAC2-2FEA68EBC466}"
EndProject
Project("{FAE04EC0-301F-11D3-BF4B-00C04F79EFBC}") = "RdlViewer", "RdlViewer\RdlViewer.csproj", "{D99145B1-CB6C-41F5-BA86-723325145FB5}"
EndProject
Project("{FAE04EC0-301F-11D3-BF4B-00C04F79EFBC}") = "RdlReader", "RdlViewer\RdlReader\RdlReader.csproj", "{2412E381-D3D9-4AB7-A2FA-02D9786260F0}"
EndProject
Project("{FAE04EC0-301F-11D3-BF4B-00C04F79EFBC}") = "LibRdlCrossPlatformViewer", "LibRdlCrossPlatformViewer\LibRdlCrossPlatformViewer.csproj", "{D0262213-C37A-4EC9-A76B-B8BCFFE5C882}"
EndProject
Project("{2150E333-8FDC-42A3-9474-1A3956D46DE8}") = ".nuget", ".nuget", "{41D0ACBF-09D8-47D1-B8DC-F71B14EFEA32}"
	ProjectSection(SolutionItems) = preProject
		.nuget\NuGet.Config = .nuget\NuGet.Config
	EndProjectSection
EndProject
Project("{FAE04EC0-301F-11D3-BF4B-00C04F79EFBC}") = "ReportTests", "ReportTests\ReportTests.csproj", "{BD5BF1A8-E24F-4F6D-91D7-074CEEF727EC}"
EndProject
Project("{FAE04EC0-301F-11D3-BF4B-00C04F79EFBC}") = "EncryptionProvider", "EncryptionProvider\EncryptionProvider.csproj", "{83D67C75-CE23-4141-8BFE-3AC52F53310E}"
EndProject
Project("{FAE04EC0-301F-11D3-BF4B-00C04F79EFBC}") = "RdlViewer.Tests", "RdlViewer.Tests\RdlViewer.Tests.csproj", "{A46C8EBE-29FC-4EEB-99E9-6011FA2D67EE}"
EndProject
Global
	GlobalSection(SolutionConfigurationPlatforms) = preSolution
		Debug|Any CPU = Debug|Any CPU
		Debug|Mixed Platforms = Debug|Mixed Platforms
		Debug|x64 = Debug|x64
		Debug|x86 = Debug|x86
		Release|Any CPU = Release|Any CPU
		Release|Mixed Platforms = Release|Mixed Platforms
		Release|x64 = Release|x64
		Release|x86 = Release|x86
	EndGlobalSection
	GlobalSection(ProjectConfigurationPlatforms) = postSolution
		{D9F4197F-52D2-49F0-8DAF-E2884733CF2D}.Debug|Any CPU.ActiveCfg = Debug|Any CPU
		{D9F4197F-52D2-49F0-8DAF-E2884733CF2D}.Debug|Any CPU.Build.0 = Debug|Any CPU
		{D9F4197F-52D2-49F0-8DAF-E2884733CF2D}.Debug|Mixed Platforms.ActiveCfg = Debug|x86
		{D9F4197F-52D2-49F0-8DAF-E2884733CF2D}.Debug|Mixed Platforms.Build.0 = Debug|x86
		{D9F4197F-52D2-49F0-8DAF-E2884733CF2D}.Debug|x64.ActiveCfg = Debug|Any CPU
		{D9F4197F-52D2-49F0-8DAF-E2884733CF2D}.Debug|x64.Build.0 = Debug|Any CPU
		{D9F4197F-52D2-49F0-8DAF-E2884733CF2D}.Debug|x86.ActiveCfg = Debug|Any CPU
		{D9F4197F-52D2-49F0-8DAF-E2884733CF2D}.Debug|x86.Build.0 = Debug|Any CPU
		{D9F4197F-52D2-49F0-8DAF-E2884733CF2D}.Release|Any CPU.ActiveCfg = Release|Any CPU
		{D9F4197F-52D2-49F0-8DAF-E2884733CF2D}.Release|Any CPU.Build.0 = Release|Any CPU
		{D9F4197F-52D2-49F0-8DAF-E2884733CF2D}.Release|Mixed Platforms.ActiveCfg = Release|x86
		{D9F4197F-52D2-49F0-8DAF-E2884733CF2D}.Release|Mixed Platforms.Build.0 = Release|x86
		{D9F4197F-52D2-49F0-8DAF-E2884733CF2D}.Release|x64.ActiveCfg = Release|Any CPU
		{D9F4197F-52D2-49F0-8DAF-E2884733CF2D}.Release|x64.Build.0 = Release|Any CPU
		{D9F4197F-52D2-49F0-8DAF-E2884733CF2D}.Release|x86.ActiveCfg = Release|Any CPU
		{D9F4197F-52D2-49F0-8DAF-E2884733CF2D}.Release|x86.Build.0 = Release|Any CPU
		{DA84B318-4210-4C7C-9A47-3A9356BC8D83}.Debug|Any CPU.ActiveCfg = Debug|Any CPU
		{DA84B318-4210-4C7C-9A47-3A9356BC8D83}.Debug|Any CPU.Build.0 = Debug|Any CPU
		{DA84B318-4210-4C7C-9A47-3A9356BC8D83}.Debug|Mixed Platforms.ActiveCfg = Debug|x86
		{DA84B318-4210-4C7C-9A47-3A9356BC8D83}.Debug|Mixed Platforms.Build.0 = Debug|x86
		{DA84B318-4210-4C7C-9A47-3A9356BC8D83}.Debug|x64.ActiveCfg = Debug|Any CPU
		{DA84B318-4210-4C7C-9A47-3A9356BC8D83}.Debug|x64.Build.0 = Debug|Any CPU
		{DA84B318-4210-4C7C-9A47-3A9356BC8D83}.Debug|x86.ActiveCfg = Debug|Any CPU
		{DA84B318-4210-4C7C-9A47-3A9356BC8D83}.Debug|x86.Build.0 = Debug|Any CPU
		{DA84B318-4210-4C7C-9A47-3A9356BC8D83}.Release|Any CPU.ActiveCfg = Release|Any CPU
		{DA84B318-4210-4C7C-9A47-3A9356BC8D83}.Release|Any CPU.Build.0 = Release|Any CPU
		{DA84B318-4210-4C7C-9A47-3A9356BC8D83}.Release|Mixed Platforms.ActiveCfg = Release|x86
		{DA84B318-4210-4C7C-9A47-3A9356BC8D83}.Release|Mixed Platforms.Build.0 = Release|x86
		{DA84B318-4210-4C7C-9A47-3A9356BC8D83}.Release|x64.ActiveCfg = Release|Any CPU
		{DA84B318-4210-4C7C-9A47-3A9356BC8D83}.Release|x64.Build.0 = Release|Any CPU
		{DA84B318-4210-4C7C-9A47-3A9356BC8D83}.Release|x86.ActiveCfg = Release|Any CPU
		{DA84B318-4210-4C7C-9A47-3A9356BC8D83}.Release|x86.Build.0 = Release|Any CPU
		{5C53B7BA-E8F0-433F-B777-358F3C2AD679}.Debug|Any CPU.ActiveCfg = Debug|Any CPU
		{5C53B7BA-E8F0-433F-B777-358F3C2AD679}.Debug|Any CPU.Build.0 = Debug|Any CPU
		{5C53B7BA-E8F0-433F-B777-358F3C2AD679}.Debug|Mixed Platforms.ActiveCfg = Debug|x86
		{5C53B7BA-E8F0-433F-B777-358F3C2AD679}.Debug|Mixed Platforms.Build.0 = Debug|x86
		{5C53B7BA-E8F0-433F-B777-358F3C2AD679}.Debug|x64.ActiveCfg = Debug|Any CPU
		{5C53B7BA-E8F0-433F-B777-358F3C2AD679}.Debug|x64.Build.0 = Debug|Any CPU
		{5C53B7BA-E8F0-433F-B777-358F3C2AD679}.Debug|x86.ActiveCfg = Debug|Any CPU
		{5C53B7BA-E8F0-433F-B777-358F3C2AD679}.Debug|x86.Build.0 = Debug|Any CPU
		{5C53B7BA-E8F0-433F-B777-358F3C2AD679}.Release|Any CPU.ActiveCfg = Release|Any CPU
		{5C53B7BA-E8F0-433F-B777-358F3C2AD679}.Release|Any CPU.Build.0 = Release|Any CPU
		{5C53B7BA-E8F0-433F-B777-358F3C2AD679}.Release|Mixed Platforms.ActiveCfg = Release|x86
		{5C53B7BA-E8F0-433F-B777-358F3C2AD679}.Release|Mixed Platforms.Build.0 = Release|x86
		{5C53B7BA-E8F0-433F-B777-358F3C2AD679}.Release|x64.ActiveCfg = Release|Any CPU
		{5C53B7BA-E8F0-433F-B777-358F3C2AD679}.Release|x64.Build.0 = Release|Any CPU
		{5C53B7BA-E8F0-433F-B777-358F3C2AD679}.Release|x86.ActiveCfg = Release|Any CPU
		{5C53B7BA-E8F0-433F-B777-358F3C2AD679}.Release|x86.Build.0 = Release|Any CPU
		{3456CD50-7D14-4AA6-AAA1-AC3760BBC0F3}.Debug|Any CPU.ActiveCfg = Debug|Any CPU
		{3456CD50-7D14-4AA6-AAA1-AC3760BBC0F3}.Debug|Any CPU.Build.0 = Debug|Any CPU
		{3456CD50-7D14-4AA6-AAA1-AC3760BBC0F3}.Debug|Mixed Platforms.ActiveCfg = Debug|x86
		{3456CD50-7D14-4AA6-AAA1-AC3760BBC0F3}.Debug|Mixed Platforms.Build.0 = Debug|x86
		{3456CD50-7D14-4AA6-AAA1-AC3760BBC0F3}.Debug|x64.ActiveCfg = Debug|x64
		{3456CD50-7D14-4AA6-AAA1-AC3760BBC0F3}.Debug|x64.Build.0 = Debug|x64
		{3456CD50-7D14-4AA6-AAA1-AC3760BBC0F3}.Debug|x86.ActiveCfg = Debug|x86
		{3456CD50-7D14-4AA6-AAA1-AC3760BBC0F3}.Debug|x86.Build.0 = Debug|x86
		{3456CD50-7D14-4AA6-AAA1-AC3760BBC0F3}.Release|Any CPU.ActiveCfg = Release|Any CPU
		{3456CD50-7D14-4AA6-AAA1-AC3760BBC0F3}.Release|Any CPU.Build.0 = Release|Any CPU
		{3456CD50-7D14-4AA6-AAA1-AC3760BBC0F3}.Release|Mixed Platforms.ActiveCfg = Release|x86
		{3456CD50-7D14-4AA6-AAA1-AC3760BBC0F3}.Release|Mixed Platforms.Build.0 = Release|x86
		{3456CD50-7D14-4AA6-AAA1-AC3760BBC0F3}.Release|x64.ActiveCfg = Release|x64
		{3456CD50-7D14-4AA6-AAA1-AC3760BBC0F3}.Release|x64.Build.0 = Release|x64
		{3456CD50-7D14-4AA6-AAA1-AC3760BBC0F3}.Release|x86.ActiveCfg = Release|x86
		{3456CD50-7D14-4AA6-AAA1-AC3760BBC0F3}.Release|x86.Build.0 = Release|x86
		{9C9ECACA-0DEB-4517-8CF1-02C3D3EB128E}.Debug|Any CPU.ActiveCfg = Debug|Any CPU
		{9C9ECACA-0DEB-4517-8CF1-02C3D3EB128E}.Debug|Any CPU.Build.0 = Debug|Any CPU
		{9C9ECACA-0DEB-4517-8CF1-02C3D3EB128E}.Debug|Mixed Platforms.ActiveCfg = Debug|x86
		{9C9ECACA-0DEB-4517-8CF1-02C3D3EB128E}.Debug|Mixed Platforms.Build.0 = Debug|x86
		{9C9ECACA-0DEB-4517-8CF1-02C3D3EB128E}.Debug|x64.ActiveCfg = Debug|Any CPU
		{9C9ECACA-0DEB-4517-8CF1-02C3D3EB128E}.Debug|x64.Build.0 = Debug|Any CPU
		{9C9ECACA-0DEB-4517-8CF1-02C3D3EB128E}.Debug|x86.ActiveCfg = Debug|Any CPU
		{9C9ECACA-0DEB-4517-8CF1-02C3D3EB128E}.Debug|x86.Build.0 = Debug|Any CPU
		{9C9ECACA-0DEB-4517-8CF1-02C3D3EB128E}.Release|Any CPU.ActiveCfg = Release|Any CPU
		{9C9ECACA-0DEB-4517-8CF1-02C3D3EB128E}.Release|Any CPU.Build.0 = Release|Any CPU
		{9C9ECACA-0DEB-4517-8CF1-02C3D3EB128E}.Release|Mixed Platforms.ActiveCfg = Release|x86
		{9C9ECACA-0DEB-4517-8CF1-02C3D3EB128E}.Release|Mixed Platforms.Build.0 = Release|x86
		{9C9ECACA-0DEB-4517-8CF1-02C3D3EB128E}.Release|x64.ActiveCfg = Release|Any CPU
		{9C9ECACA-0DEB-4517-8CF1-02C3D3EB128E}.Release|x64.Build.0 = Release|Any CPU
		{9C9ECACA-0DEB-4517-8CF1-02C3D3EB128E}.Release|x86.ActiveCfg = Release|Any CPU
		{9C9ECACA-0DEB-4517-8CF1-02C3D3EB128E}.Release|x86.Build.0 = Release|Any CPU
		{3E1D2C49-44A2-46A0-B107-9E8A87AE78A7}.Debug|Any CPU.ActiveCfg = Debug|Any CPU
		{3E1D2C49-44A2-46A0-B107-9E8A87AE78A7}.Debug|Any CPU.Build.0 = Debug|Any CPU
		{3E1D2C49-44A2-46A0-B107-9E8A87AE78A7}.Debug|Mixed Platforms.ActiveCfg = Debug|x86
		{3E1D2C49-44A2-46A0-B107-9E8A87AE78A7}.Debug|Mixed Platforms.Build.0 = Debug|x86
		{3E1D2C49-44A2-46A0-B107-9E8A87AE78A7}.Debug|x64.ActiveCfg = Debug|x64
		{3E1D2C49-44A2-46A0-B107-9E8A87AE78A7}.Debug|x64.Build.0 = Debug|x64
		{3E1D2C49-44A2-46A0-B107-9E8A87AE78A7}.Debug|x86.ActiveCfg = Debug|x86
		{3E1D2C49-44A2-46A0-B107-9E8A87AE78A7}.Debug|x86.Build.0 = Debug|x86
		{3E1D2C49-44A2-46A0-B107-9E8A87AE78A7}.Release|Any CPU.ActiveCfg = Release|Any CPU
		{3E1D2C49-44A2-46A0-B107-9E8A87AE78A7}.Release|Any CPU.Build.0 = Release|Any CPU
		{3E1D2C49-44A2-46A0-B107-9E8A87AE78A7}.Release|Mixed Platforms.ActiveCfg = Release|x86
		{3E1D2C49-44A2-46A0-B107-9E8A87AE78A7}.Release|Mixed Platforms.Build.0 = Release|x86
		{3E1D2C49-44A2-46A0-B107-9E8A87AE78A7}.Release|x64.ActiveCfg = Release|x64
		{3E1D2C49-44A2-46A0-B107-9E8A87AE78A7}.Release|x64.Build.0 = Release|x64
		{3E1D2C49-44A2-46A0-B107-9E8A87AE78A7}.Release|x86.ActiveCfg = Release|x86
		{3E1D2C49-44A2-46A0-B107-9E8A87AE78A7}.Release|x86.Build.0 = Release|x86
		{D605B305-BB81-441C-B909-DEA35F33C8BF}.Debug|Any CPU.ActiveCfg = Debug|Any CPU
		{D605B305-BB81-441C-B909-DEA35F33C8BF}.Debug|Any CPU.Build.0 = Debug|Any CPU
		{D605B305-BB81-441C-B909-DEA35F33C8BF}.Debug|Mixed Platforms.ActiveCfg = Debug|x86
		{D605B305-BB81-441C-B909-DEA35F33C8BF}.Debug|Mixed Platforms.Build.0 = Debug|x86
		{D605B305-BB81-441C-B909-DEA35F33C8BF}.Debug|x64.ActiveCfg = Debug|x64
		{D605B305-BB81-441C-B909-DEA35F33C8BF}.Debug|x64.Build.0 = Debug|x64
		{D605B305-BB81-441C-B909-DEA35F33C8BF}.Debug|x86.ActiveCfg = Debug|x86
		{D605B305-BB81-441C-B909-DEA35F33C8BF}.Debug|x86.Build.0 = Debug|x86
		{D605B305-BB81-441C-B909-DEA35F33C8BF}.Release|Any CPU.ActiveCfg = Release|Any CPU
		{D605B305-BB81-441C-B909-DEA35F33C8BF}.Release|Any CPU.Build.0 = Release|Any CPU
		{D605B305-BB81-441C-B909-DEA35F33C8BF}.Release|Mixed Platforms.ActiveCfg = Release|x86
		{D605B305-BB81-441C-B909-DEA35F33C8BF}.Release|Mixed Platforms.Build.0 = Release|x86
		{D605B305-BB81-441C-B909-DEA35F33C8BF}.Release|x64.ActiveCfg = Release|x64
		{D605B305-BB81-441C-B909-DEA35F33C8BF}.Release|x64.Build.0 = Release|x64
		{D605B305-BB81-441C-B909-DEA35F33C8BF}.Release|x86.ActiveCfg = Release|x86
		{D605B305-BB81-441C-B909-DEA35F33C8BF}.Release|x86.Build.0 = Release|x86
		{C97E91F4-B310-44E2-9B6C-96775395722D}.Debug|Any CPU.ActiveCfg = Debug|Any CPU
		{C97E91F4-B310-44E2-9B6C-96775395722D}.Debug|Any CPU.Build.0 = Debug|Any CPU
		{C97E91F4-B310-44E2-9B6C-96775395722D}.Debug|Mixed Platforms.ActiveCfg = Debug|x86
		{C97E91F4-B310-44E2-9B6C-96775395722D}.Debug|Mixed Platforms.Build.0 = Debug|x86
		{C97E91F4-B310-44E2-9B6C-96775395722D}.Debug|x64.ActiveCfg = Debug|Any CPU
		{C97E91F4-B310-44E2-9B6C-96775395722D}.Debug|x64.Build.0 = Debug|Any CPU
		{C97E91F4-B310-44E2-9B6C-96775395722D}.Debug|x86.ActiveCfg = Debug|Any CPU
		{C97E91F4-B310-44E2-9B6C-96775395722D}.Debug|x86.Build.0 = Debug|Any CPU
		{C97E91F4-B310-44E2-9B6C-96775395722D}.Release|Any CPU.ActiveCfg = Release|Any CPU
		{C97E91F4-B310-44E2-9B6C-96775395722D}.Release|Any CPU.Build.0 = Release|Any CPU
		{C97E91F4-B310-44E2-9B6C-96775395722D}.Release|Mixed Platforms.ActiveCfg = Release|x86
		{C97E91F4-B310-44E2-9B6C-96775395722D}.Release|Mixed Platforms.Build.0 = Release|x86
		{C97E91F4-B310-44E2-9B6C-96775395722D}.Release|x64.ActiveCfg = Release|Any CPU
		{C97E91F4-B310-44E2-9B6C-96775395722D}.Release|x64.Build.0 = Release|Any CPU
		{C97E91F4-B310-44E2-9B6C-96775395722D}.Release|x86.ActiveCfg = Release|Any CPU
		{C97E91F4-B310-44E2-9B6C-96775395722D}.Release|x86.Build.0 = Release|Any CPU
		{342676DA-226D-437F-AAC2-2FEA68EBC466}.Debug|Any CPU.ActiveCfg = Debug|Any CPU
		{342676DA-226D-437F-AAC2-2FEA68EBC466}.Debug|Any CPU.Build.0 = Debug|Any CPU
		{342676DA-226D-437F-AAC2-2FEA68EBC466}.Debug|Mixed Platforms.ActiveCfg = Debug|x86
		{342676DA-226D-437F-AAC2-2FEA68EBC466}.Debug|Mixed Platforms.Build.0 = Debug|x86
		{342676DA-226D-437F-AAC2-2FEA68EBC466}.Debug|x64.ActiveCfg = Debug|x64
		{342676DA-226D-437F-AAC2-2FEA68EBC466}.Debug|x64.Build.0 = Debug|x64
		{342676DA-226D-437F-AAC2-2FEA68EBC466}.Debug|x86.ActiveCfg = Debug|x86
		{342676DA-226D-437F-AAC2-2FEA68EBC466}.Debug|x86.Build.0 = Debug|x86
		{342676DA-226D-437F-AAC2-2FEA68EBC466}.Release|Any CPU.ActiveCfg = Release|Any CPU
		{342676DA-226D-437F-AAC2-2FEA68EBC466}.Release|Any CPU.Build.0 = Release|Any CPU
		{342676DA-226D-437F-AAC2-2FEA68EBC466}.Release|Mixed Platforms.ActiveCfg = Release|x86
		{342676DA-226D-437F-AAC2-2FEA68EBC466}.Release|Mixed Platforms.Build.0 = Release|x86
		{342676DA-226D-437F-AAC2-2FEA68EBC466}.Release|x64.ActiveCfg = Release|x64
		{342676DA-226D-437F-AAC2-2FEA68EBC466}.Release|x64.Build.0 = Release|x64
		{342676DA-226D-437F-AAC2-2FEA68EBC466}.Release|x86.ActiveCfg = Release|x86
		{342676DA-226D-437F-AAC2-2FEA68EBC466}.Release|x86.Build.0 = Release|x86
		{D99145B1-CB6C-41F5-BA86-723325145FB5}.Debug|Any CPU.ActiveCfg = Debug|Any CPU
		{D99145B1-CB6C-41F5-BA86-723325145FB5}.Debug|Any CPU.Build.0 = Debug|Any CPU
		{D99145B1-CB6C-41F5-BA86-723325145FB5}.Debug|Mixed Platforms.ActiveCfg = Debug|x86
		{D99145B1-CB6C-41F5-BA86-723325145FB5}.Debug|Mixed Platforms.Build.0 = Debug|x86
		{D99145B1-CB6C-41F5-BA86-723325145FB5}.Debug|x64.ActiveCfg = Debug|Any CPU
		{D99145B1-CB6C-41F5-BA86-723325145FB5}.Debug|x64.Build.0 = Debug|Any CPU
		{D99145B1-CB6C-41F5-BA86-723325145FB5}.Debug|x86.ActiveCfg = Debug|Any CPU
		{D99145B1-CB6C-41F5-BA86-723325145FB5}.Debug|x86.Build.0 = Debug|Any CPU
		{D99145B1-CB6C-41F5-BA86-723325145FB5}.Release|Any CPU.ActiveCfg = Release|Any CPU
		{D99145B1-CB6C-41F5-BA86-723325145FB5}.Release|Any CPU.Build.0 = Release|Any CPU
		{D99145B1-CB6C-41F5-BA86-723325145FB5}.Release|Mixed Platforms.ActiveCfg = Release|x86
		{D99145B1-CB6C-41F5-BA86-723325145FB5}.Release|Mixed Platforms.Build.0 = Release|x86
		{D99145B1-CB6C-41F5-BA86-723325145FB5}.Release|x64.ActiveCfg = Release|Any CPU
		{D99145B1-CB6C-41F5-BA86-723325145FB5}.Release|x64.Build.0 = Release|Any CPU
		{D99145B1-CB6C-41F5-BA86-723325145FB5}.Release|x86.ActiveCfg = Release|Any CPU
		{D99145B1-CB6C-41F5-BA86-723325145FB5}.Release|x86.Build.0 = Release|Any CPU
		{2412E381-D3D9-4AB7-A2FA-02D9786260F0}.Debug|Any CPU.ActiveCfg = Debug|Any CPU
		{2412E381-D3D9-4AB7-A2FA-02D9786260F0}.Debug|Any CPU.Build.0 = Debug|Any CPU
		{2412E381-D3D9-4AB7-A2FA-02D9786260F0}.Debug|Mixed Platforms.ActiveCfg = Debug|x86
		{2412E381-D3D9-4AB7-A2FA-02D9786260F0}.Debug|Mixed Platforms.Build.0 = Debug|x86
		{2412E381-D3D9-4AB7-A2FA-02D9786260F0}.Debug|x64.ActiveCfg = Debug|x64
		{2412E381-D3D9-4AB7-A2FA-02D9786260F0}.Debug|x64.Build.0 = Debug|x64
		{2412E381-D3D9-4AB7-A2FA-02D9786260F0}.Debug|x86.ActiveCfg = Debug|x86
		{2412E381-D3D9-4AB7-A2FA-02D9786260F0}.Debug|x86.Build.0 = Debug|x86
		{2412E381-D3D9-4AB7-A2FA-02D9786260F0}.Release|Any CPU.ActiveCfg = Release|Any CPU
		{2412E381-D3D9-4AB7-A2FA-02D9786260F0}.Release|Any CPU.Build.0 = Release|Any CPU
		{2412E381-D3D9-4AB7-A2FA-02D9786260F0}.Release|Mixed Platforms.ActiveCfg = Release|x86
		{2412E381-D3D9-4AB7-A2FA-02D9786260F0}.Release|Mixed Platforms.Build.0 = Release|x86
		{2412E381-D3D9-4AB7-A2FA-02D9786260F0}.Release|x64.ActiveCfg = Release|x64
		{2412E381-D3D9-4AB7-A2FA-02D9786260F0}.Release|x64.Build.0 = Release|x64
		{2412E381-D3D9-4AB7-A2FA-02D9786260F0}.Release|x86.ActiveCfg = Release|x86
		{2412E381-D3D9-4AB7-A2FA-02D9786260F0}.Release|x86.Build.0 = Release|x86
		{D0262213-C37A-4EC9-A76B-B8BCFFE5C882}.Debug|Any CPU.ActiveCfg = Debug|Any CPU
		{D0262213-C37A-4EC9-A76B-B8BCFFE5C882}.Debug|Any CPU.Build.0 = Debug|Any CPU
		{D0262213-C37A-4EC9-A76B-B8BCFFE5C882}.Debug|Mixed Platforms.ActiveCfg = Debug|Any CPU
		{D0262213-C37A-4EC9-A76B-B8BCFFE5C882}.Debug|Mixed Platforms.Build.0 = Debug|Any CPU
		{D0262213-C37A-4EC9-A76B-B8BCFFE5C882}.Debug|x64.ActiveCfg = Debug|Any CPU
		{D0262213-C37A-4EC9-A76B-B8BCFFE5C882}.Debug|x64.Build.0 = Debug|Any CPU
		{D0262213-C37A-4EC9-A76B-B8BCFFE5C882}.Debug|x86.ActiveCfg = Debug|Any CPU
		{D0262213-C37A-4EC9-A76B-B8BCFFE5C882}.Debug|x86.Build.0 = Debug|Any CPU
		{D0262213-C37A-4EC9-A76B-B8BCFFE5C882}.Release|Any CPU.ActiveCfg = Release|Any CPU
		{D0262213-C37A-4EC9-A76B-B8BCFFE5C882}.Release|Any CPU.Build.0 = Release|Any CPU
		{D0262213-C37A-4EC9-A76B-B8BCFFE5C882}.Release|Mixed Platforms.ActiveCfg = Release|Any CPU
		{D0262213-C37A-4EC9-A76B-B8BCFFE5C882}.Release|Mixed Platforms.Build.0 = Release|Any CPU
		{D0262213-C37A-4EC9-A76B-B8BCFFE5C882}.Release|x64.ActiveCfg = Release|Any CPU
		{D0262213-C37A-4EC9-A76B-B8BCFFE5C882}.Release|x64.Build.0 = Release|Any CPU
		{D0262213-C37A-4EC9-A76B-B8BCFFE5C882}.Release|x86.ActiveCfg = Release|Any CPU
		{D0262213-C37A-4EC9-A76B-B8BCFFE5C882}.Release|x86.Build.0 = Release|Any CPU
		{BD5BF1A8-E24F-4F6D-91D7-074CEEF727EC}.Debug|Any CPU.ActiveCfg = Debug|Any CPU
		{BD5BF1A8-E24F-4F6D-91D7-074CEEF727EC}.Debug|Any CPU.Build.0 = Debug|Any CPU
		{BD5BF1A8-E24F-4F6D-91D7-074CEEF727EC}.Debug|Mixed Platforms.ActiveCfg = Debug|x86
		{BD5BF1A8-E24F-4F6D-91D7-074CEEF727EC}.Debug|Mixed Platforms.Build.0 = Debug|x86
		{BD5BF1A8-E24F-4F6D-91D7-074CEEF727EC}.Debug|x64.ActiveCfg = Debug|x64
		{BD5BF1A8-E24F-4F6D-91D7-074CEEF727EC}.Debug|x64.Build.0 = Debug|x64
		{BD5BF1A8-E24F-4F6D-91D7-074CEEF727EC}.Debug|x86.ActiveCfg = Debug|x86
		{BD5BF1A8-E24F-4F6D-91D7-074CEEF727EC}.Debug|x86.Build.0 = Debug|x86
		{BD5BF1A8-E24F-4F6D-91D7-074CEEF727EC}.Release|Any CPU.ActiveCfg = Release|Any CPU
		{BD5BF1A8-E24F-4F6D-91D7-074CEEF727EC}.Release|Any CPU.Build.0 = Release|Any CPU
		{BD5BF1A8-E24F-4F6D-91D7-074CEEF727EC}.Release|Mixed Platforms.ActiveCfg = Release|x86
		{BD5BF1A8-E24F-4F6D-91D7-074CEEF727EC}.Release|Mixed Platforms.Build.0 = Release|x86
		{BD5BF1A8-E24F-4F6D-91D7-074CEEF727EC}.Release|x64.ActiveCfg = Release|x64
		{BD5BF1A8-E24F-4F6D-91D7-074CEEF727EC}.Release|x64.Build.0 = Release|x64
		{BD5BF1A8-E24F-4F6D-91D7-074CEEF727EC}.Release|x86.ActiveCfg = Release|x86
		{BD5BF1A8-E24F-4F6D-91D7-074CEEF727EC}.Release|x86.Build.0 = Release|x86
		{83D67C75-CE23-4141-8BFE-3AC52F53310E}.Debug|Any CPU.ActiveCfg = Debug|Any CPU
		{83D67C75-CE23-4141-8BFE-3AC52F53310E}.Debug|Any CPU.Build.0 = Debug|Any CPU
		{83D67C75-CE23-4141-8BFE-3AC52F53310E}.Debug|Mixed Platforms.ActiveCfg = Debug|Any CPU
		{83D67C75-CE23-4141-8BFE-3AC52F53310E}.Debug|Mixed Platforms.Build.0 = Debug|Any CPU
		{83D67C75-CE23-4141-8BFE-3AC52F53310E}.Debug|x64.ActiveCfg = Debug|Any CPU
		{83D67C75-CE23-4141-8BFE-3AC52F53310E}.Debug|x64.Build.0 = Debug|Any CPU
		{83D67C75-CE23-4141-8BFE-3AC52F53310E}.Debug|x86.ActiveCfg = Debug|Any CPU
		{83D67C75-CE23-4141-8BFE-3AC52F53310E}.Debug|x86.Build.0 = Debug|Any CPU
		{83D67C75-CE23-4141-8BFE-3AC52F53310E}.Release|Any CPU.ActiveCfg = Release|Any CPU
		{83D67C75-CE23-4141-8BFE-3AC52F53310E}.Release|Any CPU.Build.0 = Release|Any CPU
		{83D67C75-CE23-4141-8BFE-3AC52F53310E}.Release|Mixed Platforms.ActiveCfg = Release|Any CPU
		{83D67C75-CE23-4141-8BFE-3AC52F53310E}.Release|Mixed Platforms.Build.0 = Release|Any CPU
		{83D67C75-CE23-4141-8BFE-3AC52F53310E}.Release|x64.ActiveCfg = Release|Any CPU
		{83D67C75-CE23-4141-8BFE-3AC52F53310E}.Release|x64.Build.0 = Release|Any CPU
		{83D67C75-CE23-4141-8BFE-3AC52F53310E}.Release|x86.ActiveCfg = Release|Any CPU
		{83D67C75-CE23-4141-8BFE-3AC52F53310E}.Release|x86.Build.0 = Release|Any CPU
		{A46C8EBE-29FC-4EEB-99E9-6011FA2D67EE}.Debug|Any CPU.ActiveCfg = Debug|Any CPU
		{A46C8EBE-29FC-4EEB-99E9-6011FA2D67EE}.Debug|Any CPU.Build.0 = Debug|Any CPU
		{A46C8EBE-29FC-4EEB-99E9-6011FA2D67EE}.Debug|Mixed Platforms.ActiveCfg = Debug|Any CPU
		{A46C8EBE-29FC-4EEB-99E9-6011FA2D67EE}.Debug|Mixed Platforms.Build.0 = Debug|Any CPU
		{A46C8EBE-29FC-4EEB-99E9-6011FA2D67EE}.Debug|x64.ActiveCfg = Debug|Any CPU
		{A46C8EBE-29FC-4EEB-99E9-6011FA2D67EE}.Debug|x64.Build.0 = Debug|Any CPU
		{A46C8EBE-29FC-4EEB-99E9-6011FA2D67EE}.Debug|x86.ActiveCfg = Debug|Any CPU
		{A46C8EBE-29FC-4EEB-99E9-6011FA2D67EE}.Debug|x86.Build.0 = Debug|Any CPU
		{A46C8EBE-29FC-4EEB-99E9-6011FA2D67EE}.Release|Any CPU.ActiveCfg = Release|Any CPU
		{A46C8EBE-29FC-4EEB-99E9-6011FA2D67EE}.Release|Any CPU.Build.0 = Release|Any CPU
		{A46C8EBE-29FC-4EEB-99E9-6011FA2D67EE}.Release|Mixed Platforms.ActiveCfg = Release|Any CPU
		{A46C8EBE-29FC-4EEB-99E9-6011FA2D67EE}.Release|Mixed Platforms.Build.0 = Release|Any CPU
		{A46C8EBE-29FC-4EEB-99E9-6011FA2D67EE}.Release|x64.ActiveCfg = Release|Any CPU
		{A46C8EBE-29FC-4EEB-99E9-6011FA2D67EE}.Release|x64.Build.0 = Release|Any CPU
		{A46C8EBE-29FC-4EEB-99E9-6011FA2D67EE}.Release|x86.ActiveCfg = Release|Any CPU
		{A46C8EBE-29FC-4EEB-99E9-6011FA2D67EE}.Release|x86.Build.0 = Release|Any CPU
	EndGlobalSection
	GlobalSection(SolutionProperties) = preSolution
		HideSolutionNode = FALSE
	EndGlobalSection
EndGlobal
