
Microsoft Visual Studio Solution File, Format Version 12.00
# Visual Studio Version 17
VisualStudioVersion = 17.9.34723.18
MinimumVisualStudioVersion = 10.0.40219.1
Project("{9A19103F-16F7-4668-BE54-9A1E7A4F7556}") = "GtkAndXwtViewer", "Examples\GtkAndXwtViewer\GtkAndXwtViewer\GtkAndXwtViewer.csproj", "{CC3BADF5-7B6B-4EC4-BD79-F4B64D741337}"
EndProject
Project("{778DAE3C-4631-46EA-AA77-85C1314464D9}") = "SampleReportApp", "Examples\SampleApp\SampleReportApp\SampleReportApp.vbproj", "{451244D8-65AF-4497-9A4C-A7CBE3E1AD62}"
EndProject
Project("{9A19103F-16F7-4668-BE54-9A1E7A4F7556}") = "SampleApp2-SetData", "Examples\SampleApp2-SetData\SampleApp2-SetData\SampleApp2-SetData.csproj", "{159FE09C-D45A-49E9-81F5-26849EBF6974}"
EndProject
Project("{9A19103F-16F7-4668-BE54-9A1E7A4F7556}") = "HyperLinkExample", "Examples\SampleAppHyperLinkCustomAction\HyperLinkExample\HyperLinkExample.csproj", "{5EBA0966-C352-494A-A24A-F533843D28EB}"
EndProject
Project("{FAE04EC0-301F-11D3-BF4B-00C04F79EFBC}") = "SampleAspDotNet", "Examples\SampleAspDotNet\SampleAspDotNet\SampleAspDotNet.csproj", "{D2442C60-A59D-4AEC-8927-20DBD35928E7}"
EndProject
Project("{9A19103F-16F7-4668-BE54-9A1E7A4F7556}") = "SampleCrossPlatformViewer", "Examples\SampleCrossPlatformViewer\SampleCrossPlatformViewer\SampleCrossPlatformViewer.csproj", "{78652B71-6CD2-4EF6-A445-496019F1CD7B}"
EndProject
Project("{9A19103F-16F7-4668-BE54-9A1E7A4F7556}") = "SampleDesignerControl", "Examples\SampleDesignerControl\SampleDesignerControl\SampleDesignerControl.csproj", "{9AE19577-A5CC-4091-B4CA-6161A39FDDA1}"
EndProject
Project("{9A19103F-16F7-4668-BE54-9A1E7A4F7556}") = "SampleDesignerControlWPF", "Examples\SampleDesignerControl\SampleDesignerControlWPF\SampleDesignerControlWPF.csproj", "{60F7F398-384A-477C-8020-2D394E91EEF9}"
EndProject
Project("{9A19103F-16F7-4668-BE54-9A1E7A4F7556}") = "SampleReportViewer", "Examples\Sample-Report-Viewer\Sample-Report-Viewer\SampleReportViewer.csproj", "{3EADA90B-051C-4D40-BEA3-4F5131D3FA4F}"
EndProject
Project("{9A19103F-16F7-4668-BE54-9A1E7A4F7556}") = "WpfAndXwtViewer", "Examples\SampleWpfAndXwtViewer\WpfAndXwtViewer\WpfAndXwtViewer.csproj", "{FB856D27-43C0-4A86-8DAA-00C170308372}"
EndProject
Project("{9A19103F-16F7-4668-BE54-9A1E7A4F7556}") = "LibRdlCrossPlatformViewer", "LibRdlCrossPlatformViewer\LibRdlCrossPlatformViewer.csproj", "{0D2A2C49-9F60-440C-811C-A24AFC90966B}"
EndProject
Global
	GlobalSection(SolutionConfigurationPlatforms) = preSolution
		Debug|Any CPU = Debug|Any CPU
		Debug|x86 = Debug|x86
		Release|Any CPU = Release|Any CPU
		Release|x86 = Release|x86
	EndGlobalSection
	GlobalSection(ProjectConfigurationPlatforms) = postSolution
		{CC3BADF5-7B6B-4EC4-BD79-F4B64D741337}.Debug|Any CPU.ActiveCfg = Debug|Any CPU
		{CC3BADF5-7B6B-4EC4-BD79-F4B64D741337}.Debug|Any CPU.Build.0 = Debug|Any CPU
		{CC3BADF5-7B6B-4EC4-BD79-F4B64D741337}.Debug|x86.ActiveCfg = Debug|Any CPU
		{CC3BADF5-7B6B-4EC4-BD79-F4B64D741337}.Debug|x86.Build.0 = Debug|Any CPU
		{CC3BADF5-7B6B-4EC4-BD79-F4B64D741337}.Release|Any CPU.ActiveCfg = Release|Any CPU
		{CC3BADF5-7B6B-4EC4-BD79-F4B64D741337}.Release|Any CPU.Build.0 = Release|Any CPU
		{CC3BADF5-7B6B-4EC4-BD79-F4B64D741337}.Release|x86.ActiveCfg = Release|Any CPU
		{CC3BADF5-7B6B-4EC4-BD79-F4B64D741337}.Release|x86.Build.0 = Release|Any CPU
		{451244D8-65AF-4497-9A4C-A7CBE3E1AD62}.Debug|Any CPU.ActiveCfg = Debug|Any CPU
		{451244D8-65AF-4497-9A4C-A7CBE3E1AD62}.Debug|Any CPU.Build.0 = Debug|Any CPU
		{451244D8-65AF-4497-9A4C-A7CBE3E1AD62}.Debug|x86.ActiveCfg = Debug|Any CPU
		{451244D8-65AF-4497-9A4C-A7CBE3E1AD62}.Debug|x86.Build.0 = Debug|Any CPU
		{451244D8-65AF-4497-9A4C-A7CBE3E1AD62}.Release|Any CPU.ActiveCfg = Release|Any CPU
		{451244D8-65AF-4497-9A4C-A7CBE3E1AD62}.Release|Any CPU.Build.0 = Release|Any CPU
		{451244D8-65AF-4497-9A4C-A7CBE3E1AD62}.Release|x86.ActiveCfg = Release|Any CPU
		{451244D8-65AF-4497-9A4C-A7CBE3E1AD62}.Release|x86.Build.0 = Release|Any CPU
		{159FE09C-D45A-49E9-81F5-26849EBF6974}.Debug|Any CPU.ActiveCfg = Debug|Any CPU
		{159FE09C-D45A-49E9-81F5-26849EBF6974}.Debug|Any CPU.Build.0 = Debug|Any CPU
		{159FE09C-D45A-49E9-81F5-26849EBF6974}.Debug|x86.ActiveCfg = Debug|Any CPU
		{159FE09C-D45A-49E9-81F5-26849EBF6974}.Debug|x86.Build.0 = Debug|Any CPU
		{159FE09C-D45A-49E9-81F5-26849EBF6974}.Release|Any CPU.ActiveCfg = Release|Any CPU
		{159FE09C-D45A-49E9-81F5-26849EBF6974}.Release|Any CPU.Build.0 = Release|Any CPU
		{159FE09C-D45A-49E9-81F5-26849EBF6974}.Release|x86.ActiveCfg = Release|Any CPU
		{159FE09C-D45A-49E9-81F5-26849EBF6974}.Release|x86.Build.0 = Release|Any CPU
		{5EBA0966-C352-494A-A24A-F533843D28EB}.Debug|Any CPU.ActiveCfg = Debug|Any CPU
		{5EBA0966-C352-494A-A24A-F533843D28EB}.Debug|Any CPU.Build.0 = Debug|Any CPU
		{5EBA0966-C352-494A-A24A-F533843D28EB}.Debug|x86.ActiveCfg = Debug|Any CPU
		{5EBA0966-C352-494A-A24A-F533843D28EB}.Debug|x86.Build.0 = Debug|Any CPU
		{5EBA0966-C352-494A-A24A-F533843D28EB}.Release|Any CPU.ActiveCfg = Release|Any CPU
		{5EBA0966-C352-494A-A24A-F533843D28EB}.Release|Any CPU.Build.0 = Release|Any CPU
		{5EBA0966-C352-494A-A24A-F533843D28EB}.Release|x86.ActiveCfg = Release|Any CPU
		{5EBA0966-C352-494A-A24A-F533843D28EB}.Release|x86.Build.0 = Release|Any CPU
		{D2442C60-A59D-4AEC-8927-20DBD35928E7}.Debug|Any CPU.ActiveCfg = Debug|Any CPU
		{D2442C60-A59D-4AEC-8927-20DBD35928E7}.Debug|Any CPU.Build.0 = Debug|Any CPU
		{D2442C60-A59D-4AEC-8927-20DBD35928E7}.Debug|x86.ActiveCfg = Debug|x86
		{D2442C60-A59D-4AEC-8927-20DBD35928E7}.Debug|x86.Build.0 = Debug|x86
		{D2442C60-A59D-4AEC-8927-20DBD35928E7}.Release|Any CPU.ActiveCfg = Release|Any CPU
		{D2442C60-A59D-4AEC-8927-20DBD35928E7}.Release|Any CPU.Build.0 = Release|Any CPU
		{D2442C60-A59D-4AEC-8927-20DBD35928E7}.Release|x86.ActiveCfg = Release|x86
		{D2442C60-A59D-4AEC-8927-20DBD35928E7}.Release|x86.Build.0 = Release|x86
		{78652B71-6CD2-4EF6-A445-496019F1CD7B}.Debug|Any CPU.ActiveCfg = Debug|Any CPU
		{78652B71-6CD2-4EF6-A445-496019F1CD7B}.Debug|Any CPU.Build.0 = Debug|Any CPU
		{78652B71-6CD2-4EF6-A445-496019F1CD7B}.Debug|x86.ActiveCfg = Debug|Any CPU
		{78652B71-6CD2-4EF6-A445-496019F1CD7B}.Debug|x86.Build.0 = Debug|Any CPU
		{78652B71-6CD2-4EF6-A445-496019F1CD7B}.Release|Any CPU.ActiveCfg = Release|Any CPU
		{78652B71-6CD2-4EF6-A445-496019F1CD7B}.Release|Any CPU.Build.0 = Release|Any CPU
		{78652B71-6CD2-4EF6-A445-496019F1CD7B}.Release|x86.ActiveCfg = Release|Any CPU
		{78652B71-6CD2-4EF6-A445-496019F1CD7B}.Release|x86.Build.0 = Release|Any CPU
		{9AE19577-A5CC-4091-B4CA-6161A39FDDA1}.Debug|Any CPU.ActiveCfg = Debug|Any CPU
		{9AE19577-A5CC-4091-B4CA-6161A39FDDA1}.Debug|Any CPU.Build.0 = Debug|Any CPU
		{9AE19577-A5CC-4091-B4CA-6161A39FDDA1}.Debug|x86.ActiveCfg = Debug|Any CPU
		{9AE19577-A5CC-4091-B4CA-6161A39FDDA1}.Debug|x86.Build.0 = Debug|Any CPU
		{9AE19577-A5CC-4091-B4CA-6161A39FDDA1}.Release|Any CPU.ActiveCfg = Release|Any CPU
		{9AE19577-A5CC-4091-B4CA-6161A39FDDA1}.Release|Any CPU.Build.0 = Release|Any CPU
		{9AE19577-A5CC-4091-B4CA-6161A39FDDA1}.Release|x86.ActiveCfg = Release|Any CPU
		{9AE19577-A5CC-4091-B4CA-6161A39FDDA1}.Release|x86.Build.0 = Release|Any CPU
		{60F7F398-384A-477C-8020-2D394E91EEF9}.Debug|Any CPU.ActiveCfg = Debug|Any CPU
		{60F7F398-384A-477C-8020-2D394E91EEF9}.Debug|Any CPU.Build.0 = Debug|Any CPU
		{60F7F398-384A-477C-8020-2D394E91EEF9}.Debug|x86.ActiveCfg = Debug|Any CPU
		{60F7F398-384A-477C-8020-2D394E91EEF9}.Debug|x86.Build.0 = Debug|Any CPU
		{60F7F398-384A-477C-8020-2D394E91EEF9}.Release|Any CPU.ActiveCfg = Release|Any CPU
		{60F7F398-384A-477C-8020-2D394E91EEF9}.Release|Any CPU.Build.0 = Release|Any CPU
		{60F7F398-384A-477C-8020-2D394E91EEF9}.Release|x86.ActiveCfg = Release|Any CPU
		{60F7F398-384A-477C-8020-2D394E91EEF9}.Release|x86.Build.0 = Release|Any CPU
		{3EADA90B-051C-4D40-BEA3-4F5131D3FA4F}.Debug|Any CPU.ActiveCfg = Debug|Any CPU
		{3EADA90B-051C-4D40-BEA3-4F5131D3FA4F}.Debug|Any CPU.Build.0 = Debug|Any CPU
		{3EADA90B-051C-4D40-BEA3-4F5131D3FA4F}.Debug|x86.ActiveCfg = Debug|Any CPU
		{3EADA90B-051C-4D40-BEA3-4F5131D3FA4F}.Debug|x86.Build.0 = Debug|Any CPU
		{3EADA90B-051C-4D40-BEA3-4F5131D3FA4F}.Release|Any CPU.ActiveCfg = Release|Any CPU
		{3EADA90B-051C-4D40-BEA3-4F5131D3FA4F}.Release|Any CPU.Build.0 = Release|Any CPU
		{3EADA90B-051C-4D40-BEA3-4F5131D3FA4F}.Release|x86.ActiveCfg = Release|Any CPU
		{3EADA90B-051C-4D40-BEA3-4F5131D3FA4F}.Release|x86.Build.0 = Release|Any CPU
		{FB856D27-43C0-4A86-8DAA-00C170308372}.Debug|Any CPU.ActiveCfg = Debug|Any CPU
		{FB856D27-43C0-4A86-8DAA-00C170308372}.Debug|Any CPU.Build.0 = Debug|Any CPU
		{FB856D27-43C0-4A86-8DAA-00C170308372}.Debug|x86.ActiveCfg = Debug|Any CPU
		{FB856D27-43C0-4A86-8DAA-00C170308372}.Debug|x86.Build.0 = Debug|Any CPU
		{FB856D27-43C0-4A86-8DAA-00C170308372}.Release|Any CPU.ActiveCfg = Release|Any CPU
		{FB856D27-43C0-4A86-8DAA-00C170308372}.Release|Any CPU.Build.0 = Release|Any CPU
		{FB856D27-43C0-4A86-8DAA-00C170308372}.Release|x86.ActiveCfg = Release|Any CPU
		{FB856D27-43C0-4A86-8DAA-00C170308372}.Release|x86.Build.0 = Release|Any CPU
		{0D2A2C49-9F60-440C-811C-A24AFC90966B}.Debug|Any CPU.ActiveCfg = Debug|Any CPU
		{0D2A2C49-9F60-440C-811C-A24AFC90966B}.Debug|Any CPU.Build.0 = Debug|Any CPU
		{0D2A2C49-9F60-440C-811C-A24AFC90966B}.Debug|x86.ActiveCfg = Debug|Any CPU
		{0D2A2C49-9F60-440C-811C-A24AFC90966B}.Debug|x86.Build.0 = Debug|Any CPU
		{0D2A2C49-9F60-440C-811C-A24AFC90966B}.Release|Any CPU.ActiveCfg = Release|Any CPU
		{0D2A2C49-9F60-440C-811C-A24AFC90966B}.Release|Any CPU.Build.0 = Release|Any CPU
		{0D2A2C49-9F60-440C-811C-A24AFC90966B}.Release|x86.ActiveCfg = Release|Any CPU
		{0D2A2C49-9F60-440C-811C-A24AFC90966B}.Release|x86.Build.0 = Release|Any CPU
	EndGlobalSection
	GlobalSection(SolutionProperties) = preSolution
		HideSolutionNode = FALSE
	EndGlobalSection
	GlobalSection(ExtensibilityGlobals) = postSolution
		SolutionGuid = {32B7535E-6B9C-47F1-8E75-62D75A813439}
	EndGlobalSection
	GlobalSection(MonoDevelopProperties) = preSolution
		StartupItem = GtkAndXwtViewer\GtkAndXwtViewer.csproj
	EndGlobalSection
EndGlobal
