
Microsoft Visual Studio Solution File, Format Version 12.00
# Visual Studio Version 17
VisualStudioVersion = 17.10.35027.167
MinimumVisualStudioVersion = 10.0.40219.1
Project("{6EC3EE1D-3C4E-46DD-8F32-0CC8E7565705}") = "SampleAspNetCoreMvc", "SampleAspNetCoreMvc\SampleAspNetCoreMvc.fsproj", "{26C1954F-36EE-440C-B170-DDAC947C2B7A}"
EndProject
Project("{9A19103F-16F7-4668-BE54-9A1E7A4F7556}") = "RdlAsp.Mvc", "..\..\RdlAsp.Mvc\RdlAsp.Mvc.csproj", "{D68EF4B5-01CC-4EC8-82CF-A82C52E0E810}"
EndProject
Global
	GlobalSection(SolutionConfigurationPlatforms) = preSolution
		Debug|Any CPU = Debug|Any CPU
		Release|Any CPU = Release|Any CPU
	EndGlobalSection
	GlobalSection(ProjectConfigurationPlatforms) = postSolution
		{26C1954F-36EE-440C-B170-DDAC947C2B7A}.Debug|Any CPU.ActiveCfg = Debug|Any CPU
		{26C1954F-36EE-440C-B170-DDAC947C2B7A}.Debug|Any CPU.Build.0 = Debug|Any CPU
		{26C1954F-36EE-440C-B170-DDAC947C2B7A}.Release|Any CPU.ActiveCfg = Release|Any CPU
		{26C1954F-36EE-440C-B170-DDAC947C2B7A}.Release|Any CPU.Build.0 = Release|Any CPU
		{D68EF4B5-01CC-4EC8-82CF-A82C52E0E810}.Debug|Any CPU.ActiveCfg = Debug|Any CPU
		{D68EF4B5-01CC-4EC8-82CF-A82C52E0E810}.Debug|Any CPU.Build.0 = Debug|Any CPU
		{D68EF4B5-01CC-4EC8-82CF-A82C52E0E810}.Release|Any CPU.ActiveCfg = Release|Any CPU
		{D68EF4B5-01CC-4EC8-82CF-A82C52E0E810}.Release|Any CPU.Build.0 = Release|Any CPU
	EndGlobalSection
	GlobalSection(SolutionProperties) = preSolution
		HideSolutionNode = FALSE
	EndGlobalSection
	GlobalSection(ExtensibilityGlobals) = postSolution
		SolutionGuid = {58743B56-8D7F-4F46-88AE-81866D80AF68}
	EndGlobalSection
EndGlobal
