
Microsoft Visual Studio Solution File, Format Version 12.00
# Visual Studio Express 2012 for Windows Desktop
Project("{FAE04EC0-301F-11D3-BF4B-00C04F79EFBC}") = "DataProviders", "..\..\DataProviders\DataProviders.csproj", "{D9F4197F-52D2-49F0-8DAF-E2884733CF2D}"
EndProject
Project("{FAE04EC0-301F-11D3-BF4B-00C04F79EFBC}") = "RdlCri", "..\..\RdlCri\RdlCri.csproj", "{9C9ECACA-0DEB-4517-8CF1-02C3D3EB128E}"
EndProject
Project("{FAE04EC0-301F-11D3-BF4B-00C04F79EFBC}") = "RdlEngine", "..\..\RdlEngine\RdlEngine.csproj", "{C97E91F4-B310-44E2-9B6C-96775395722D}"
EndProject
Project("{FAE04EC0-301F-11D3-BF4B-00C04F79EFBC}") = "RdlViewer", "..\..\RdlViewer\RdlViewer.csproj", "{D99145B1-CB6C-41F5-BA86-723325145FB5}"
EndProject
Project("{FAE04EC0-301F-11D3-BF4B-00C04F79EFBC}") = "HyperLinkExample", "HyperLinkExample\HyperLinkExample.csproj", "{1612FA9D-48BD-4866-B8CF-F871D3A61380}"
EndProject
Global
	GlobalSection(SolutionConfigurationPlatforms) = preSolution
		Debug|Any CPU = Debug|Any CPU
		Debug|Mixed Platforms = Debug|Mixed Platforms
		Debug|x64 = Debug|x64
		Debug|x86 = Debug|x86
		Release|Any CPU = Release|Any CPU
		Release|Mixed Platforms = Release|Mixed Platforms
		Release|x64 = Release|x64
		Release|x86 = Release|x86
	EndGlobalSection
	GlobalSection(ProjectConfigurationPlatforms) = postSolution
		{D9F4197F-52D2-49F0-8DAF-E2884733CF2D}.Debug|Any CPU.ActiveCfg = Debug|Any CPU
		{D9F4197F-52D2-49F0-8DAF-E2884733CF2D}.Debug|Any CPU.Build.0 = Debug|Any CPU
		{D9F4197F-52D2-49F0-8DAF-E2884733CF2D}.Debug|Mixed Platforms.ActiveCfg = Debug|x86
		{D9F4197F-52D2-49F0-8DAF-E2884733CF2D}.Debug|Mixed Platforms.Build.0 = Debug|x86
		{D9F4197F-52D2-49F0-8DAF-E2884733CF2D}.Debug|x64.ActiveCfg = Debug|x64
		{D9F4197F-52D2-49F0-8DAF-E2884733CF2D}.Debug|x64.Build.0 = Debug|x64
		{D9F4197F-52D2-49F0-8DAF-E2884733CF2D}.Debug|x86.ActiveCfg = Debug|x86
		{D9F4197F-52D2-49F0-8DAF-E2884733CF2D}.Debug|x86.Build.0 = Debug|x86
		{D9F4197F-52D2-49F0-8DAF-E2884733CF2D}.Release|Any CPU.ActiveCfg = Release|Any CPU
		{D9F4197F-52D2-49F0-8DAF-E2884733CF2D}.Release|Any CPU.Build.0 = Release|Any CPU
		{D9F4197F-52D2-49F0-8DAF-E2884733CF2D}.Release|Mixed Platforms.ActiveCfg = Release|x86
		{D9F4197F-52D2-49F0-8DAF-E2884733CF2D}.Release|Mixed Platforms.Build.0 = Release|x86
		{D9F4197F-52D2-49F0-8DAF-E2884733CF2D}.Release|x64.ActiveCfg = Release|x64
		{D9F4197F-52D2-49F0-8DAF-E2884733CF2D}.Release|x64.Build.0 = Release|x64
		{D9F4197F-52D2-49F0-8DAF-E2884733CF2D}.Release|x86.ActiveCfg = Release|x86
		{D9F4197F-52D2-49F0-8DAF-E2884733CF2D}.Release|x86.Build.0 = Release|x86
		{9C9ECACA-0DEB-4517-8CF1-02C3D3EB128E}.Debug|Any CPU.ActiveCfg = Debug|Any CPU
		{9C9ECACA-0DEB-4517-8CF1-02C3D3EB128E}.Debug|Any CPU.Build.0 = Debug|Any CPU
		{9C9ECACA-0DEB-4517-8CF1-02C3D3EB128E}.Debug|Mixed Platforms.ActiveCfg = Debug|x86
		{9C9ECACA-0DEB-4517-8CF1-02C3D3EB128E}.Debug|Mixed Platforms.Build.0 = Debug|x86
		{9C9ECACA-0DEB-4517-8CF1-02C3D3EB128E}.Debug|x64.ActiveCfg = Debug|x64
		{9C9ECACA-0DEB-4517-8CF1-02C3D3EB128E}.Debug|x64.Build.0 = Debug|x64
		{9C9ECACA-0DEB-4517-8CF1-02C3D3EB128E}.Debug|x86.ActiveCfg = Debug|x86
		{9C9ECACA-0DEB-4517-8CF1-02C3D3EB128E}.Debug|x86.Build.0 = Debug|x86
		{9C9ECACA-0DEB-4517-8CF1-02C3D3EB128E}.Release|Any CPU.ActiveCfg = Release|Any CPU
		{9C9ECACA-0DEB-4517-8CF1-02C3D3EB128E}.Release|Any CPU.Build.0 = Release|Any CPU
		{9C9ECACA-0DEB-4517-8CF1-02C3D3EB128E}.Release|Mixed Platforms.ActiveCfg = Release|x86
		{9C9ECACA-0DEB-4517-8CF1-02C3D3EB128E}.Release|Mixed Platforms.Build.0 = Release|x86
		{9C9ECACA-0DEB-4517-8CF1-02C3D3EB128E}.Release|x64.ActiveCfg = Release|x64
		{9C9ECACA-0DEB-4517-8CF1-02C3D3EB128E}.Release|x64.Build.0 = Release|x64
		{9C9ECACA-0DEB-4517-8CF1-02C3D3EB128E}.Release|x86.ActiveCfg = Release|x86
		{9C9ECACA-0DEB-4517-8CF1-02C3D3EB128E}.Release|x86.Build.0 = Release|x86
		{C97E91F4-B310-44E2-9B6C-96775395722D}.Debug|Any CPU.ActiveCfg = Debug|Any CPU
		{C97E91F4-B310-44E2-9B6C-96775395722D}.Debug|Any CPU.Build.0 = Debug|Any CPU
		{C97E91F4-B310-44E2-9B6C-96775395722D}.Debug|Mixed Platforms.ActiveCfg = Debug|x86
		{C97E91F4-B310-44E2-9B6C-96775395722D}.Debug|Mixed Platforms.Build.0 = Debug|x86
		{C97E91F4-B310-44E2-9B6C-96775395722D}.Debug|x64.ActiveCfg = Debug|x64
		{C97E91F4-B310-44E2-9B6C-96775395722D}.Debug|x64.Build.0 = Debug|x64
		{C97E91F4-B310-44E2-9B6C-96775395722D}.Debug|x86.ActiveCfg = Debug|x86
		{C97E91F4-B310-44E2-9B6C-96775395722D}.Debug|x86.Build.0 = Debug|x86
		{C97E91F4-B310-44E2-9B6C-96775395722D}.Release|Any CPU.ActiveCfg = Release|Any CPU
		{C97E91F4-B310-44E2-9B6C-96775395722D}.Release|Any CPU.Build.0 = Release|Any CPU
		{C97E91F4-B310-44E2-9B6C-96775395722D}.Release|Mixed Platforms.ActiveCfg = Release|x86
		{C97E91F4-B310-44E2-9B6C-96775395722D}.Release|Mixed Platforms.Build.0 = Release|x86
		{C97E91F4-B310-44E2-9B6C-96775395722D}.Release|x64.ActiveCfg = Release|x64
		{C97E91F4-B310-44E2-9B6C-96775395722D}.Release|x64.Build.0 = Release|x64
		{C97E91F4-B310-44E2-9B6C-96775395722D}.Release|x86.ActiveCfg = Release|x86
		{C97E91F4-B310-44E2-9B6C-96775395722D}.Release|x86.Build.0 = Release|x86
		{D99145B1-CB6C-41F5-BA86-723325145FB5}.Debug|Any CPU.ActiveCfg = Debug|Any CPU
		{D99145B1-CB6C-41F5-BA86-723325145FB5}.Debug|Any CPU.Build.0 = Debug|Any CPU
		{D99145B1-CB6C-41F5-BA86-723325145FB5}.Debug|Mixed Platforms.ActiveCfg = Debug|x86
		{D99145B1-CB6C-41F5-BA86-723325145FB5}.Debug|Mixed Platforms.Build.0 = Debug|x86
		{D99145B1-CB6C-41F5-BA86-723325145FB5}.Debug|x64.ActiveCfg = Debug|x64
		{D99145B1-CB6C-41F5-BA86-723325145FB5}.Debug|x64.Build.0 = Debug|x64
		{D99145B1-CB6C-41F5-BA86-723325145FB5}.Debug|x86.ActiveCfg = Debug|x86
		{D99145B1-CB6C-41F5-BA86-723325145FB5}.Debug|x86.Build.0 = Debug|x86
		{D99145B1-CB6C-41F5-BA86-723325145FB5}.Release|Any CPU.ActiveCfg = Release|Any CPU
		{D99145B1-CB6C-41F5-BA86-723325145FB5}.Release|Any CPU.Build.0 = Release|Any CPU
		{D99145B1-CB6C-41F5-BA86-723325145FB5}.Release|Mixed Platforms.ActiveCfg = Release|x86
		{D99145B1-CB6C-41F5-BA86-723325145FB5}.Release|Mixed Platforms.Build.0 = Release|x86
		{D99145B1-CB6C-41F5-BA86-723325145FB5}.Release|x64.ActiveCfg = Release|x64
		{D99145B1-CB6C-41F5-BA86-723325145FB5}.Release|x64.Build.0 = Release|x64
		{D99145B1-CB6C-41F5-BA86-723325145FB5}.Release|x86.ActiveCfg = Release|x86
		{D99145B1-CB6C-41F5-BA86-723325145FB5}.Release|x86.Build.0 = Release|x86
		{1612FA9D-48BD-4866-B8CF-F871D3A61380}.Debug|Any CPU.ActiveCfg = Debug|Any CPU
		{1612FA9D-48BD-4866-B8CF-F871D3A61380}.Debug|Any CPU.Build.0 = Debug|Any CPU
		{1612FA9D-48BD-4866-B8CF-F871D3A61380}.Debug|Mixed Platforms.ActiveCfg = Debug|x86
		{1612FA9D-48BD-4866-B8CF-F871D3A61380}.Debug|Mixed Platforms.Build.0 = Debug|x86
		{1612FA9D-48BD-4866-B8CF-F871D3A61380}.Debug|x64.ActiveCfg = Debug|Any CPU
		{1612FA9D-48BD-4866-B8CF-F871D3A61380}.Debug|x86.ActiveCfg = Debug|x86
		{1612FA9D-48BD-4866-B8CF-F871D3A61380}.Release|Any CPU.ActiveCfg = Release|Any CPU
		{1612FA9D-48BD-4866-B8CF-F871D3A61380}.Release|Any CPU.Build.0 = Release|Any CPU
		{1612FA9D-48BD-4866-B8CF-F871D3A61380}.Release|Mixed Platforms.ActiveCfg = Release|Any CPU
		{1612FA9D-48BD-4866-B8CF-F871D3A61380}.Release|Mixed Platforms.Build.0 = Release|Any CPU
		{1612FA9D-48BD-4866-B8CF-F871D3A61380}.Release|x64.ActiveCfg = Release|Any CPU
		{1612FA9D-48BD-4866-B8CF-F871D3A61380}.Release|x86.ActiveCfg = Release|Any CPU
	EndGlobalSection
	GlobalSection(SolutionProperties) = preSolution
		HideSolutionNode = FALSE
	EndGlobalSection
EndGlobal
