
Microsoft Visual Studio Solution File, Format Version 12.00
# Visual Studio 14
VisualStudioVersion = 14.0.25123.0
MinimumVisualStudioVersion = 10.0.40219.1
Project("{FAE04EC0-301F-11D3-BF4B-00C04F79EFBC}") = "SampleCrossPlatformViewer", "SampleCrossPlatformViewer\SampleCrossPlatformViewer.csproj", "{C8B30110-D4E7-4480-B6CA-816311DB1631}"
EndProject
Project("{FAE04EC0-301F-11D3-BF4B-00C04F79EFBC}") = "RdlEngine", "..\..\RdlEngine\RdlEngine.csproj", "{C97E91F4-B310-44E2-9B6C-96775395722D}"
EndProject
Project("{FAE04EC0-301F-11D3-BF4B-00C04F79EFBC}") = "DataProviders", "..\..\DataProviders\DataProviders.csproj", "{D9F4197F-52D2-49F0-8DAF-E2884733CF2D}"
EndProject
Project("{FAE04EC0-301F-11D3-BF4B-00C04F79EFBC}") = "RdlCri", "..\..\RdlCri\RdlCri.csproj", "{9C9ECACA-0DEB-4517-8CF1-02C3D3EB128E}"
EndProject
Project("{FAE04EC0-301F-11D3-BF4B-00C04F79EFBC}") = "LibRdlCrossPlatformViewer", "..\..\LibRdlCrossPlatformViewer\LibRdlCrossPlatformViewer.csproj", "{D0262213-C37A-4EC9-A76B-B8BCFFE5C882}"
EndProject
Global
	GlobalSection(SolutionConfigurationPlatforms) = preSolution
		Debug|Any CPU = Debug|Any CPU
		Debug|x64 = Debug|x64
		Debug|x86 = Debug|x86
		Release|Any CPU = Release|Any CPU
		Release|x64 = Release|x64
		Release|x86 = Release|x86
	EndGlobalSection
	GlobalSection(ProjectConfigurationPlatforms) = postSolution
		{C8B30110-D4E7-4480-B6CA-816311DB1631}.Debug|Any CPU.ActiveCfg = Debug|Any CPU
		{C8B30110-D4E7-4480-B6CA-816311DB1631}.Debug|Any CPU.Build.0 = Debug|Any CPU
		{C8B30110-D4E7-4480-B6CA-816311DB1631}.Debug|x64.ActiveCfg = Debug|Any CPU
		{C8B30110-D4E7-4480-B6CA-816311DB1631}.Debug|x64.Build.0 = Debug|Any CPU
		{C8B30110-D4E7-4480-B6CA-816311DB1631}.Debug|x86.ActiveCfg = Debug|x86
		{C8B30110-D4E7-4480-B6CA-816311DB1631}.Debug|x86.Build.0 = Debug|x86
		{C8B30110-D4E7-4480-B6CA-816311DB1631}.Release|Any CPU.ActiveCfg = Release|Any CPU
		{C8B30110-D4E7-4480-B6CA-816311DB1631}.Release|Any CPU.Build.0 = Release|Any CPU
		{C8B30110-D4E7-4480-B6CA-816311DB1631}.Release|x64.ActiveCfg = Release|Any CPU
		{C8B30110-D4E7-4480-B6CA-816311DB1631}.Release|x86.ActiveCfg = Release|x86
		{C8B30110-D4E7-4480-B6CA-816311DB1631}.Release|x86.Build.0 = Release|x86
		{C97E91F4-B310-44E2-9B6C-96775395722D}.Debug|Any CPU.ActiveCfg = Debug|Any CPU
		{C97E91F4-B310-44E2-9B6C-96775395722D}.Debug|Any CPU.Build.0 = Debug|Any CPU
		{C97E91F4-B310-44E2-9B6C-96775395722D}.Debug|x64.ActiveCfg = Debug|x64
		{C97E91F4-B310-44E2-9B6C-96775395722D}.Debug|x64.Build.0 = Debug|x64
		{C97E91F4-B310-44E2-9B6C-96775395722D}.Debug|x86.ActiveCfg = Debug|x86
		{C97E91F4-B310-44E2-9B6C-96775395722D}.Debug|x86.Build.0 = Debug|x86
		{C97E91F4-B310-44E2-9B6C-96775395722D}.Release|Any CPU.ActiveCfg = Release|Any CPU
		{C97E91F4-B310-44E2-9B6C-96775395722D}.Release|Any CPU.Build.0 = Release|Any CPU
		{C97E91F4-B310-44E2-9B6C-96775395722D}.Release|x64.ActiveCfg = Release|x64
		{C97E91F4-B310-44E2-9B6C-96775395722D}.Release|x64.Build.0 = Release|x64
		{C97E91F4-B310-44E2-9B6C-96775395722D}.Release|x86.ActiveCfg = Release|x86
		{C97E91F4-B310-44E2-9B6C-96775395722D}.Release|x86.Build.0 = Release|x86
		{D9F4197F-52D2-49F0-8DAF-E2884733CF2D}.Debug|Any CPU.ActiveCfg = Debug|Any CPU
		{D9F4197F-52D2-49F0-8DAF-E2884733CF2D}.Debug|Any CPU.Build.0 = Debug|Any CPU
		{D9F4197F-52D2-49F0-8DAF-E2884733CF2D}.Debug|x64.ActiveCfg = Debug|x64
		{D9F4197F-52D2-49F0-8DAF-E2884733CF2D}.Debug|x64.Build.0 = Debug|x64
		{D9F4197F-52D2-49F0-8DAF-E2884733CF2D}.Debug|x86.ActiveCfg = Debug|x86
		{D9F4197F-52D2-49F0-8DAF-E2884733CF2D}.Debug|x86.Build.0 = Debug|x86
		{D9F4197F-52D2-49F0-8DAF-E2884733CF2D}.Release|Any CPU.ActiveCfg = Release|Any CPU
		{D9F4197F-52D2-49F0-8DAF-E2884733CF2D}.Release|Any CPU.Build.0 = Release|Any CPU
		{D9F4197F-52D2-49F0-8DAF-E2884733CF2D}.Release|x64.ActiveCfg = Release|x64
		{D9F4197F-52D2-49F0-8DAF-E2884733CF2D}.Release|x64.Build.0 = Release|x64
		{D9F4197F-52D2-49F0-8DAF-E2884733CF2D}.Release|x86.ActiveCfg = Release|x86
		{D9F4197F-52D2-49F0-8DAF-E2884733CF2D}.Release|x86.Build.0 = Release|x86
		{9C9ECACA-0DEB-4517-8CF1-02C3D3EB128E}.Debug|Any CPU.ActiveCfg = Debug|Any CPU
		{9C9ECACA-0DEB-4517-8CF1-02C3D3EB128E}.Debug|Any CPU.Build.0 = Debug|Any CPU
		{9C9ECACA-0DEB-4517-8CF1-02C3D3EB128E}.Debug|x64.ActiveCfg = Debug|x64
		{9C9ECACA-0DEB-4517-8CF1-02C3D3EB128E}.Debug|x64.Build.0 = Debug|x64
		{9C9ECACA-0DEB-4517-8CF1-02C3D3EB128E}.Debug|x86.ActiveCfg = Debug|x86
		{9C9ECACA-0DEB-4517-8CF1-02C3D3EB128E}.Debug|x86.Build.0 = Debug|x86
		{9C9ECACA-0DEB-4517-8CF1-02C3D3EB128E}.Release|Any CPU.ActiveCfg = Release|Any CPU
		{9C9ECACA-0DEB-4517-8CF1-02C3D3EB128E}.Release|Any CPU.Build.0 = Release|Any CPU
		{9C9ECACA-0DEB-4517-8CF1-02C3D3EB128E}.Release|x64.ActiveCfg = Release|x64
		{9C9ECACA-0DEB-4517-8CF1-02C3D3EB128E}.Release|x64.Build.0 = Release|x64
		{9C9ECACA-0DEB-4517-8CF1-02C3D3EB128E}.Release|x86.ActiveCfg = Release|x86
		{9C9ECACA-0DEB-4517-8CF1-02C3D3EB128E}.Release|x86.Build.0 = Release|x86
		{D0262213-C37A-4EC9-A76B-B8BCFFE5C882}.Debug|Any CPU.ActiveCfg = Debug|Any CPU
		{D0262213-C37A-4EC9-A76B-B8BCFFE5C882}.Debug|Any CPU.Build.0 = Debug|Any CPU
		{D0262213-C37A-4EC9-A76B-B8BCFFE5C882}.Debug|x64.ActiveCfg = Debug|Any CPU
		{D0262213-C37A-4EC9-A76B-B8BCFFE5C882}.Debug|x86.ActiveCfg = Debug|x86
		{D0262213-C37A-4EC9-A76B-B8BCFFE5C882}.Debug|x86.Build.0 = Debug|x86
		{D0262213-C37A-4EC9-A76B-B8BCFFE5C882}.Release|Any CPU.ActiveCfg = Release|Any CPU
		{D0262213-C37A-4EC9-A76B-B8BCFFE5C882}.Release|Any CPU.Build.0 = Release|Any CPU
		{D0262213-C37A-4EC9-A76B-B8BCFFE5C882}.Release|x64.ActiveCfg = Release|Any CPU
		{D0262213-C37A-4EC9-A76B-B8BCFFE5C882}.Release|x86.ActiveCfg = Release|x86
		{D0262213-C37A-4EC9-A76B-B8BCFFE5C882}.Release|x86.Build.0 = Release|x86
	EndGlobalSection
	GlobalSection(SolutionProperties) = preSolution
		HideSolutionNode = FALSE
	EndGlobalSection
	GlobalSection(MonoDevelopProperties) = preSolution
		StartupItem = SampleCrossPlatformViewer\SampleCrossPlatformViewer.csproj
		Policies = $0
		$0.DotNetNamingPolicy = $1
		$1.DirectoryNamespaceAssociation = None
		$1.ResourceNamePolicy = FileFormatDefault
		$0.TextStylePolicy = $2
		$2.FileWidth = 120
		$2.inheritsSet = VisualStudio
		$2.inheritsScope = text/plain
		$2.scope = text/plain
	EndGlobalSection
EndGlobal
