
Microsoft Visual Studio Solution File, Format Version 12.00
# Visual Studio 2013
VisualStudioVersion = 12.0.31101.0
MinimumVisualStudioVersion = 10.0.40219.1
Project("{F184B08F-C81C-45F6-A57F-5ABD9991F28F}") = "SampleReportApp", "SampleReportApp\SampleReportApp.vbproj", "{A542F20D-0395-4969-975F-3DA1033BD433}"
EndProject
Global
	GlobalSection(SolutionConfigurationPlatforms) = preSolution
		Debug|Any CPU = Debug|Any CPU
		Debug|x64 = Debug|x64
		Debug|x86 = Debug|x86
		Release|Any CPU = Release|Any CPU
		Release|x64 = Release|x64
		Release|x86 = Release|x86
	EndGlobalSection
	GlobalSection(ProjectConfigurationPlatforms) = postSolution
		{A542F20D-0395-4969-975F-3DA1033BD433}.Debug|Any CPU.ActiveCfg = Debug|Any CPU
		{A542F20D-0395-4969-975F-3DA1033BD433}.Debug|Any CPU.Build.0 = Debug|Any CPU
		{A542F20D-0395-4969-975F-3DA1033BD433}.Debug|x64.ActiveCfg = Debug|Any CPU
		{A542F20D-0395-4969-975F-3DA1033BD433}.Debug|x86.ActiveCfg = Debug|x86
		{A542F20D-0395-4969-975F-3DA1033BD433}.Debug|x86.Build.0 = Debug|x86
		{A542F20D-0395-4969-975F-3DA1033BD433}.Release|Any CPU.ActiveCfg = Release|Any CPU
		{A542F20D-0395-4969-975F-3DA1033BD433}.Release|Any CPU.Build.0 = Release|Any CPU
		{A542F20D-0395-4969-975F-3DA1033BD433}.Release|x64.ActiveCfg = Release|Any CPU
		{A542F20D-0395-4969-975F-3DA1033BD433}.Release|x86.ActiveCfg = Release|x86
		{A542F20D-0395-4969-975F-3DA1033BD433}.Release|x86.Build.0 = Release|x86
	EndGlobalSection
	GlobalSection(SolutionProperties) = preSolution
		HideSolutionNode = FALSE
	EndGlobalSection
EndGlobal
